
Microsoft Visual Studio Solution File, Format Version 11.00
# Visual Studio 2010
Project("{FAE04EC0-301F-11D3-BF4B-00C04F79EFBC}") = "TapstreamiOS", "TapstreamiOS\TapstreamiOS.csproj", "{C1FA3F09-5302-412E-A856-BAB54D3C06B9}"
EndProject
Project("{FAE04EC0-301F-11D3-BF4B-00C04F79EFBC}") = "TapstreamAndroid", "TapstreamAndroid\TapstreamAndroid.csproj", "{6E91D04C-5CC9-43F1-9999-CA448BDDDF41}"
EndProject
Global
	GlobalSection(SolutionConfigurationPlatforms) = preSolution
		Debug|Any CPU = Debug|Any CPU
		Release|Any CPU = Release|Any CPU
	EndGlobalSection
	GlobalSection(ProjectConfigurationPlatforms) = postSolution
		{6E91D04C-5CC9-43F1-9999-CA448BDDDF41}.Debug|Any CPU.ActiveCfg = Debug|Any CPU
		{6E91D04C-5CC9-43F1-9999-CA448BDDDF41}.Debug|Any CPU.Build.0 = Debug|Any CPU
		{6E91D04C-5CC9-43F1-9999-CA448BDDDF41}.Release|Any CPU.ActiveCfg = Release|Any CPU
		{6E91D04C-5CC9-43F1-9999-CA448BDDDF41}.Release|Any CPU.Build.0 = Release|Any CPU
		{C1FA3F09-5302-412E-A856-BAB54D3C06B9}.Debug|Any CPU.ActiveCfg = Debug|Any CPU
		{C1FA3F09-5302-412E-A856-BAB54D3C06B9}.Debug|Any CPU.Build.0 = Debug|Any CPU
		{C1FA3F09-5302-412E-A856-BAB54D3C06B9}.Release|Any CPU.ActiveCfg = Release|Any CPU
		{C1FA3F09-5302-412E-A856-BAB54D3C06B9}.Release|Any CPU.Build.0 = Release|Any CPU
	EndGlobalSection
EndGlobal
