// !$*UTF8*$!
{
	archiveVersion = 1;
	classes = {
	};
	objectVersion = 46;
	objects = {

/* Begin PBXBuildFile section */
		12043115167D4AA600F509B7 /* Cocoa.framework in Frameworks */ = {isa = PBXBuildFile; fileRef = 12043114167D4AA600F509B7 /* Cocoa.framework */; };
		1204311F167D4AA600F509B7 /* InfoPlist.strings in Resources */ = {isa = PBXBuildFile; fileRef = 1204311D167D4AA600F509B7 /* InfoPlist.strings */; };
		12043121167D4AA600F509B7 /* main.m in Sources */ = {isa = PBXBuildFile; fileRef = 12043120167D4AA600F509B7 /* main.m */; };
		12043125167D4AA600F509B7 /* Credits.rtf in Resources */ = {isa = PBXBuildFile; fileRef = 12043123167D4AA600F509B7 /* Credits.rtf */; };
		12043128167D4AA600F509B7 /* AppDelegate.m in Sources */ = {isa = PBXBuildFile; fileRef = 12043127167D4AA600F509B7 /* AppDelegate.m */; };
		1204312B167D4AA600F509B7 /* MainMenu.xib in Resources */ = {isa = PBXBuildFile; fileRef = 12043129167D4AA600F509B7 /* MainMenu.xib */; };
		127751451861735200D0F650 /* StoreKit.framework in Frameworks */ = {isa = PBXBuildFile; fileRef = 127751441861735200D0F650 /* StoreKit.framework */; };
		12A98557185A69AE00D388CD /* TSConfig.m in Sources */ = {isa = PBXBuildFile; fileRef = 12A9853B185A69AD00D388CD /* TSConfig.m */; };
		12A98558185A69AE00D388CD /* TSCore.m in Sources */ = {isa = PBXBuildFile; fileRef = 12A9853D185A69AD00D388CD /* TSCore.m */; };
		12A98559185A69AE00D388CD /* TSEvent.m in Sources */ = {isa = PBXBuildFile; fileRef = 12A98541185A69AE00D388CD /* TSEvent.m */; };
		12A9855A185A69AE00D388CD /* TSHit.m in Sources */ = {isa = PBXBuildFile; fileRef = 12A98544185A69AE00D388CD /* TSHit.m */; };
		12A9855B185A69AE00D388CD /* TSLogging.m in Sources */ = {isa = PBXBuildFile; fileRef = 12A98546185A69AE00D388CD /* TSLogging.m */; };
		12A9855C185A69AE00D388CD /* TSResponse.m in Sources */ = {isa = PBXBuildFile; fileRef = 12A9854A185A69AE00D388CD /* TSResponse.m */; };
		12A9855D185A69AE00D388CD /* TSUtils.m in Sources */ = {isa = PBXBuildFile; fileRef = 12A9854C185A69AE00D388CD /* TSUtils.m */; };
		12A9855E185A69AE00D388CD /* TSAppEventSourceImpl.m in Sources */ = {isa = PBXBuildFile; fileRef = 12A98550185A69AE00D388CD /* TSAppEventSourceImpl.m */; };
		12A9855F185A69AE00D388CD /* TSCoreListenerImpl.m in Sources */ = {isa = PBXBuildFile; fileRef = 12A98552185A69AE00D388CD /* TSCoreListenerImpl.m */; };
		12A98560185A69AE00D388CD /* TSPlatformImpl.m in Sources */ = {isa = PBXBuildFile; fileRef = 12A98554185A69AE00D388CD /* TSPlatformImpl.m */; };
		12A98561185A69AE00D388CD /* TSTapstream.m in Sources */ = {isa = PBXBuildFile; fileRef = 12A98556185A69AE00D388CD /* TSTapstream.m */; };
/* End PBXBuildFile section */

/* Begin PBXFileReference section */
		12043110167D4AA600F509B7 /* ExampleMacAppNoARC.app */ = {isa = PBXFileReference; explicitFileType = wrapper.application; includeInIndex = 0; path = ExampleMacAppNoARC.app; sourceTree = BUILT_PRODUCTS_DIR; };
		12043114167D4AA600F509B7 /* Cocoa.framework */ = {isa = PBXFileReference; lastKnownFileType = wrapper.framework; name = Cocoa.framework; path = System/Library/Frameworks/Cocoa.framework; sourceTree = SDKROOT; };
		12043117167D4AA600F509B7 /* AppKit.framework */ = {isa = PBXFileReference; lastKnownFileType = wrapper.framework; name = AppKit.framework; path = System/Library/Frameworks/AppKit.framework; sourceTree = SDKROOT; };
		12043118167D4AA600F509B7 /* CoreData.framework */ = {isa = PBXFileReference; lastKnownFileType = wrapper.framework; name = CoreData.framework; path = System/Library/Frameworks/CoreData.framework; sourceTree = SDKROOT; };
		12043119167D4AA600F509B7 /* Foundation.framework */ = {isa = PBXFileReference; lastKnownFileType = wrapper.framework; name = Foundation.framework; path = System/Library/Frameworks/Foundation.framework; sourceTree = SDKROOT; };
		1204311C167D4AA600F509B7 /* ExampleMacAppNoARC-Info.plist */ = {isa = PBXFileReference; lastKnownFileType = text.plist.xml; path = "ExampleMacAppNoARC-Info.plist"; sourceTree = "<group>"; };
		1204311E167D4AA600F509B7 /* en */ = {isa = PBXFileReference; lastKnownFileType = text.plist.strings; name = en; path = en.lproj/InfoPlist.strings; sourceTree = "<group>"; };
		12043120167D4AA600F509B7 /* main.m */ = {isa = PBXFileReference; lastKnownFileType = sourcecode.c.objc; path = main.m; sourceTree = "<group>"; };
		12043122167D4AA600F509B7 /* ExampleMacAppNoARC-Prefix.pch */ = {isa = PBXFileReference; lastKnownFileType = sourcecode.c.h; path = "ExampleMacAppNoARC-Prefix.pch"; sourceTree = "<group>"; };
		12043124167D4AA600F509B7 /* en */ = {isa = PBXFileReference; lastKnownFileType = text.rtf; name = en; path = en.lproj/Credits.rtf; sourceTree = "<group>"; };
		12043126167D4AA600F509B7 /* AppDelegate.h */ = {isa = PBXFileReference; lastKnownFileType = sourcecode.c.h; path = AppDelegate.h; sourceTree = "<group>"; };
		12043127167D4AA600F509B7 /* AppDelegate.m */ = {isa = PBXFileReference; lastKnownFileType = sourcecode.c.objc; path = AppDelegate.m; sourceTree = "<group>"; };
		1204312A167D4AA600F509B7 /* en */ = {isa = PBXFileReference; lastKnownFileType = file.xib; name = en; path = en.lproj/MainMenu.xib; sourceTree = "<group>"; };
		127751441861735200D0F650 /* StoreKit.framework */ = {isa = PBXFileReference; lastKnownFileType = wrapper.framework; name = StoreKit.framework; path = System/Library/Frameworks/StoreKit.framework; sourceTree = SDKROOT; };
		12A98538185A69AD00D388CD /* TSApi.h */ = {isa = PBXFileReference; fileEncoding = 4; lastKnownFileType = sourcecode.c.h; path = TSApi.h; sourceTree = "<group>"; };
		12A98539185A69AD00D388CD /* TSAppEventSource.h */ = {isa = PBXFileReference; fileEncoding = 4; lastKnownFileType = sourcecode.c.h; path = TSAppEventSource.h; sourceTree = "<group>"; };
		12A9853A185A69AD00D388CD /* TSConfig.h */ = {isa = PBXFileReference; fileEncoding = 4; lastKnownFileType = sourcecode.c.h; path = TSConfig.h; sourceTree = "<group>"; };
		12A9853B185A69AD00D388CD /* TSConfig.m */ = {isa = PBXFileReference; fileEncoding = 4; lastKnownFileType = sourcecode.c.objc; path = TSConfig.m; sourceTree = "<group>"; };
		12A9853C185A69AD00D388CD /* TSCore.h */ = {isa = PBXFileReference; fileEncoding = 4; lastKnownFileType = sourcecode.c.h; path = TSCore.h; sourceTree = "<group>"; };
		12A9853D185A69AD00D388CD /* TSCore.m */ = {isa = PBXFileReference; fileEncoding = 4; lastKnownFileType = sourcecode.c.objc; path = TSCore.m; sourceTree = "<group>"; };
		12A9853E185A69AD00D388CD /* TSCoreListener.h */ = {isa = PBXFileReference; fileEncoding = 4; lastKnownFileType = sourcecode.c.h; path = TSCoreListener.h; sourceTree = "<group>"; };
		12A9853F185A69AE00D388CD /* TSDelegate.h */ = {isa = PBXFileReference; fileEncoding = 4; lastKnownFileType = sourcecode.c.h; path = TSDelegate.h; sourceTree = "<group>"; };
		12A98540185A69AE00D388CD /* TSEvent.h */ = {isa = PBXFileReference; fileEncoding = 4; lastKnownFileType = sourcecode.c.h; path = TSEvent.h; sourceTree = "<group>"; };
		12A98541185A69AE00D388CD /* TSEvent.m */ = {isa = PBXFileReference; fileEncoding = 4; lastKnownFileType = sourcecode.c.objc; path = TSEvent.m; sourceTree = "<group>"; };
		12A98542185A69AE00D388CD /* TSHelpers.h */ = {isa = PBXFileReference; fileEncoding = 4; lastKnownFileType = sourcecode.c.h; path = TSHelpers.h; sourceTree = "<group>"; };
		12A98543185A69AE00D388CD /* TSHit.h */ = {isa = PBXFileReference; fileEncoding = 4; lastKnownFileType = sourcecode.c.h; path = TSHit.h; sourceTree = "<group>"; };
		12A98544185A69AE00D388CD /* TSHit.m */ = {isa = PBXFileReference; fileEncoding = 4; lastKnownFileType = sourcecode.c.objc; path = TSHit.m; sourceTree = "<group>"; };
		12A98545185A69AE00D388CD /* TSLogging.h */ = {isa = PBXFileReference; fileEncoding = 4; lastKnownFileType = sourcecode.c.h; path = TSLogging.h; sourceTree = "<group>"; };
		12A98546185A69AE00D388CD /* TSLogging.m */ = {isa = PBXFileReference; fileEncoding = 4; lastKnownFileType = sourcecode.c.objc; path = TSLogging.m; sourceTree = "<group>"; };
		12A98547185A69AE00D388CD /* TSLogLevel.h */ = {isa = PBXFileReference; fileEncoding = 4; lastKnownFileType = sourcecode.c.h; path = TSLogLevel.h; sourceTree = "<group>"; };
		12A98548185A69AE00D388CD /* TSPlatform.h */ = {isa = PBXFileReference; fileEncoding = 4; lastKnownFileType = sourcecode.c.h; path = TSPlatform.h; sourceTree = "<group>"; };
		12A98549185A69AE00D388CD /* TSResponse.h */ = {isa = PBXFileReference; fileEncoding = 4; lastKnownFileType = sourcecode.c.h; path = TSResponse.h; sourceTree = "<group>"; };
		12A9854A185A69AE00D388CD /* TSResponse.m */ = {isa = PBXFileReference; fileEncoding = 4; lastKnownFileType = sourcecode.c.objc; path = TSResponse.m; sourceTree = "<group>"; };
		12A9854B185A69AE00D388CD /* TSUtils.h */ = {isa = PBXFileReference; fileEncoding = 4; lastKnownFileType = sourcecode.c.h; path = TSUtils.h; sourceTree = "<group>"; };
		12A9854C185A69AE00D388CD /* TSUtils.m */ = {isa = PBXFileReference; fileEncoding = 4; lastKnownFileType = sourcecode.c.objc; path = TSUtils.m; sourceTree = "<group>"; };
		12A9854F185A69AE00D388CD /* TSAppEventSourceImpl.h */ = {isa = PBXFileReference; fileEncoding = 4; lastKnownFileType = sourcecode.c.h; path = TSAppEventSourceImpl.h; sourceTree = "<group>"; };
		12A98550185A69AE00D388CD /* TSAppEventSourceImpl.m */ = {isa = PBXFileReference; fileEncoding = 4; lastKnownFileType = sourcecode.c.objc; path = TSAppEventSourceImpl.m; sourceTree = "<group>"; };
		12A98551185A69AE00D388CD /* TSCoreListenerImpl.h */ = {isa = PBXFileReference; fileEncoding = 4; lastKnownFileType = sourcecode.c.h; path = TSCoreListenerImpl.h; sourceTree = "<group>"; };
		12A98552185A69AE00D388CD /* TSCoreListenerImpl.m */ = {isa = PBXFileReference; fileEncoding = 4; lastKnownFileType = sourcecode.c.objc; path = TSCoreListenerImpl.m; sourceTree = "<group>"; };
		12A98553185A69AE00D388CD /* TSPlatformImpl.h */ = {isa = PBXFileReference; fileEncoding = 4; lastKnownFileType = sourcecode.c.h; path = TSPlatformImpl.h; sourceTree = "<group>"; };
		12A98554185A69AE00D388CD /* TSPlatformImpl.m */ = {isa = PBXFileReference; fileEncoding = 4; lastKnownFileType = sourcecode.c.objc; path = TSPlatformImpl.m; sourceTree = "<group>"; };
		12A98555185A69AE00D388CD /* TSTapstream.h */ = {isa = PBXFileReference; fileEncoding = 4; lastKnownFileType = sourcecode.c.h; path = TSTapstream.h; sourceTree = "<group>"; };
		12A98556185A69AE00D388CD /* TSTapstream.m */ = {isa = PBXFileReference; fileEncoding = 4; lastKnownFileType = sourcecode.c.objc; path = TSTapstream.m; sourceTree = "<group>"; };
/* End PBXFileReference section */

/* Begin PBXFrameworksBuildPhase section */
		1204310D167D4AA600F509B7 /* Frameworks */ = {
			isa = PBXFrameworksBuildPhase;
			buildActionMask = 2147483647;
			files = (
				127751451861735200D0F650 /* StoreKit.framework in Frameworks */,
				12043115167D4AA600F509B7 /* Cocoa.framework in Frameworks */,
			);
			runOnlyForDeploymentPostprocessing = 0;
		};
/* End PBXFrameworksBuildPhase section */

/* Begin PBXGroup section */
		12043105167D4AA600F509B7 = {
			isa = PBXGroup;
			children = (
				12A98537185A69AD00D388CD /* Core */,
				12A9854D185A69AE00D388CD /* Tapstream */,
				1204311A167D4AA600F509B7 /* ExampleMacAppNoARC */,
				12043113167D4AA600F509B7 /* Frameworks */,
				12043111167D4AA600F509B7 /* Products */,
			);
			sourceTree = "<group>";
		};
		12043111167D4AA600F509B7 /* Products */ = {
			isa = PBXGroup;
			children = (
				12043110167D4AA600F509B7 /* ExampleMacAppNoARC.app */,
			);
			name = Products;
			sourceTree = "<group>";
		};
		12043113167D4AA600F509B7 /* Frameworks */ = {
			isa = PBXGroup;
			children = (
				127751441861735200D0F650 /* StoreKit.framework */,
				12043114167D4AA600F509B7 /* Cocoa.framework */,
				12043116167D4AA600F509B7 /* Other Frameworks */,
			);
			name = Frameworks;
			sourceTree = "<group>";
		};
		12043116167D4AA600F509B7 /* Other Frameworks */ = {
			isa = PBXGroup;
			children = (
				12043117167D4AA600F509B7 /* AppKit.framework */,
				12043118167D4AA600F509B7 /* CoreData.framework */,
				12043119167D4AA600F509B7 /* Foundation.framework */,
			);
			name = "Other Frameworks";
			sourceTree = "<group>";
		};
		1204311A167D4AA600F509B7 /* ExampleMacAppNoARC */ = {
			isa = PBXGroup;
			children = (
				12043126167D4AA600F509B7 /* AppDelegate.h */,
				12043127167D4AA600F509B7 /* AppDelegate.m */,
				12043129167D4AA600F509B7 /* MainMenu.xib */,
				1204311B167D4AA600F509B7 /* Supporting Files */,
			);
			path = ExampleMacAppNoARC;
			sourceTree = "<group>";
		};
		1204311B167D4AA600F509B7 /* Supporting Files */ = {
			isa = PBXGroup;
			children = (
				1204311C167D4AA600F509B7 /* ExampleMacAppNoARC-Info.plist */,
				1204311D167D4AA600F509B7 /* InfoPlist.strings */,
				12043120167D4AA600F509B7 /* main.m */,
				12043122167D4AA600F509B7 /* ExampleMacAppNoARC-Prefix.pch */,
				12043123167D4AA600F509B7 /* Credits.rtf */,
			);
			name = "Supporting Files";
			sourceTree = "<group>";
		};
		12A98537185A69AD00D388CD /* Core */ = {
			isa = PBXGroup;
			children = (
				12A98538185A69AD00D388CD /* TSApi.h */,
				12A98539185A69AD00D388CD /* TSAppEventSource.h */,
				12A9853A185A69AD00D388CD /* TSConfig.h */,
				12A9853B185A69AD00D388CD /* TSConfig.m */,
				12A9853C185A69AD00D388CD /* TSCore.h */,
				12A9853D185A69AD00D388CD /* TSCore.m */,
				12A9853E185A69AD00D388CD /* TSCoreListener.h */,
				12A9853F185A69AE00D388CD /* TSDelegate.h */,
				12A98540185A69AE00D388CD /* TSEvent.h */,
				12A98541185A69AE00D388CD /* TSEvent.m */,
				12A98542185A69AE00D388CD /* TSHelpers.h */,
				12A98543185A69AE00D388CD /* TSHit.h */,
				12A98544185A69AE00D388CD /* TSHit.m */,
				12A98545185A69AE00D388CD /* TSLogging.h */,
				12A98546185A69AE00D388CD /* TSLogging.m */,
				12A98547185A69AE00D388CD /* TSLogLevel.h */,
				12A98548185A69AE00D388CD /* TSPlatform.h */,
				12A98549185A69AE00D388CD /* TSResponse.h */,
				12A9854A185A69AE00D388CD /* TSResponse.m */,
				12A9854B185A69AE00D388CD /* TSUtils.h */,
				12A9854C185A69AE00D388CD /* TSUtils.m */,
			);
			name = Core;
			path = ../../objc/Core;
			sourceTree = "<group>";
		};
		12A9854D185A69AE00D388CD /* Tapstream */ = {
			isa = PBXGroup;
			children = (
				12A9854E185A69AE00D388CD /* bin */,
				12A9854F185A69AE00D388CD /* TSAppEventSourceImpl.h */,
				12A98550185A69AE00D388CD /* TSAppEventSourceImpl.m */,
				12A98551185A69AE00D388CD /* TSCoreListenerImpl.h */,
				12A98552185A69AE00D388CD /* TSCoreListenerImpl.m */,
				12A98553185A69AE00D388CD /* TSPlatformImpl.h */,
				12A98554185A69AE00D388CD /* TSPlatformImpl.m */,
				12A98555185A69AE00D388CD /* TSTapstream.h */,
				12A98556185A69AE00D388CD /* TSTapstream.m */,
			);
			name = Tapstream;
			path = ../../objc/Tapstream;
			sourceTree = "<group>";
		};
		12A9854E185A69AE00D388CD /* bin */ = {
			isa = PBXGroup;
			children = (
			);
			path = bin;
			sourceTree = "<group>";
		};
/* End PBXGroup section */

/* Begin PBXNativeTarget section */
		1204310F167D4AA600F509B7 /* ExampleMacAppNoARC */ = {
			isa = PBXNativeTarget;
			buildConfigurationList = 1204312E167D4AA600F509B7 /* Build configuration list for PBXNativeTarget "ExampleMacAppNoARC" */;
			buildPhases = (
				1204310C167D4AA600F509B7 /* Sources */,
				1204310D167D4AA600F509B7 /* Frameworks */,
				1204310E167D4AA600F509B7 /* Resources */,
			);
			buildRules = (
			);
			dependencies = (
			);
			name = ExampleMacAppNoARC;
			productName = ExampleMacAppNoARC;
			productReference = 12043110167D4AA600F509B7 /* ExampleMacAppNoARC.app */;
			productType = "com.apple.product-type.application";
		};
/* End PBXNativeTarget section */

/* Begin PBXProject section */
		12043107167D4AA600F509B7 /* Project object */ = {
			isa = PBXProject;
			attributes = {
				LastUpgradeCheck = 0450;
				ORGANIZATIONNAME = Example;
			};
			buildConfigurationList = 1204310A167D4AA600F509B7 /* Build configuration list for PBXProject "ExampleMacAppNoARC" */;
			compatibilityVersion = "Xcode 3.2";
			developmentRegion = English;
			hasScannedForEncodings = 0;
			knownRegions = (
				en,
			);
			mainGroup = 12043105167D4AA600F509B7;
			productRefGroup = 12043111167D4AA600F509B7 /* Products */;
			projectDirPath = "";
			projectRoot = "";
			targets = (
				1204310F167D4AA600F509B7 /* ExampleMacAppNoARC */,
			);
		};
/* End PBXProject section */

/* Begin PBXResourcesBuildPhase section */
		1204310E167D4AA600F509B7 /* Resources */ = {
			isa = PBXResourcesBuildPhase;
			buildActionMask = 2147483647;
			files = (
				1204311F167D4AA600F509B7 /* InfoPlist.strings in Resources */,
				12043125167D4AA600F509B7 /* Credits.rtf in Resources */,
				1204312B167D4AA600F509B7 /* MainMenu.xib in Resources */,
			);
			runOnlyForDeploymentPostprocessing = 0;
		};
/* End PBXResourcesBuildPhase section */

/* Begin PBXSourcesBuildPhase section */
		1204310C167D4AA600F509B7 /* Sources */ = {
			isa = PBXSourcesBuildPhase;
			buildActionMask = 2147483647;
			files = (
				12A9855F185A69AE00D388CD /* TSCoreListenerImpl.m in Sources */,
				12A9855A185A69AE00D388CD /* TSHit.m in Sources */,
				12A98561185A69AE00D388CD /* TSTapstream.m in Sources */,
				12A98559185A69AE00D388CD /* TSEvent.m in Sources */,
				12A98557185A69AE00D388CD /* TSConfig.m in Sources */,
				12A9855B185A69AE00D388CD /* TSLogging.m in Sources */,
				12A9855E185A69AE00D388CD /* TSAppEventSourceImpl.m in Sources */,
				12A9855D185A69AE00D388CD /* TSUtils.m in Sources */,
				12043121167D4AA600F509B7 /* main.m in Sources */,
				12A9855C185A69AE00D388CD /* TSResponse.m in Sources */,
				12A98560185A69AE00D388CD /* TSPlatformImpl.m in Sources */,
				12043128167D4AA600F509B7 /* AppDelegate.m in Sources */,
				12A98558185A69AE00D388CD /* TSCore.m in Sources */,
			);
			runOnlyForDeploymentPostprocessing = 0;
		};
/* End PBXSourcesBuildPhase section */

/* Begin PBXVariantGroup section */
		1204311D167D4AA600F509B7 /* InfoPlist.strings */ = {
			isa = PBXVariantGroup;
			children = (
				1204311E167D4AA600F509B7 /* en */,
			);
			name = InfoPlist.strings;
			sourceTree = "<group>";
		};
		12043123167D4AA600F509B7 /* Credits.rtf */ = {
			isa = PBXVariantGroup;
			children = (
				12043124167D4AA600F509B7 /* en */,
			);
			name = Credits.rtf;
			sourceTree = "<group>";
		};
		12043129167D4AA600F509B7 /* MainMenu.xib */ = {
			isa = PBXVariantGroup;
			children = (
				1204312A167D4AA600F509B7 /* en */,
			);
			name = MainMenu.xib;
			sourceTree = "<group>";
		};
/* End PBXVariantGroup section */

/* Begin XCBuildConfiguration section */
		1204312C167D4AA600F509B7 /* Debug */ = {
			isa = XCBuildConfiguration;
			buildSettings = {
				ALWAYS_SEARCH_USER_PATHS = NO;
				ARCHS = "$(ARCHS_STANDARD_64_BIT)";
				CLANG_CXX_LANGUAGE_STANDARD = "gnu++0x";
				CLANG_CXX_LIBRARY = "libc++";
				CLANG_WARN_EMPTY_BODY = YES;
				CLANG_WARN__DUPLICATE_METHOD_MATCH = YES;
				COPY_PHASE_STRIP = NO;
				GCC_C_LANGUAGE_STANDARD = gnu99;
				GCC_DYNAMIC_NO_PIC = NO;
				GCC_ENABLE_OBJC_EXCEPTIONS = YES;
				GCC_OPTIMIZATION_LEVEL = 0;
				GCC_PREPROCESSOR_DEFINITIONS = (
					"DEBUG=1",
					"$(inherited)",
				);
				GCC_SYMBOLS_PRIVATE_EXTERN = NO;
				GCC_WARN_64_TO_32_BIT_CONVERSION = YES;
				GCC_WARN_ABOUT_RETURN_TYPE = YES;
				GCC_WARN_UNINITIALIZED_AUTOS = YES;
				GCC_WARN_UNUSED_VARIABLE = YES;
				MACOSX_DEPLOYMENT_TARGET = 10.8;
				ONLY_ACTIVE_ARCH = YES;
				SDKROOT = macosx;
			};
			name = Debug;
		};
		1204312D167D4AA600F509B7 /* Release */ = {
			isa = XCBuildConfiguration;
			buildSettings = {
				ALWAYS_SEARCH_USER_PATHS = NO;
				ARCHS = "$(ARCHS_STANDARD_64_BIT)";
				CLANG_CXX_LANGUAGE_STANDARD = "gnu++0x";
				CLANG_CXX_LIBRARY = "libc++";
				CLANG_WARN_EMPTY_BODY = YES;
				CLANG_WARN__DUPLICATE_METHOD_MATCH = YES;
				COPY_PHASE_STRIP = YES;
				DEBUG_INFORMATION_FORMAT = "dwarf-with-dsym";
				GCC_C_LANGUAGE_STANDARD = gnu99;
				GCC_ENABLE_OBJC_EXCEPTIONS = YES;
				GCC_WARN_64_TO_32_BIT_CONVERSION = YES;
				GCC_WARN_ABOUT_RETURN_TYPE = YES;
				GCC_WARN_UNINITIALIZED_AUTOS = YES;
				GCC_WARN_UNUSED_VARIABLE = YES;
				MACOSX_DEPLOYMENT_TARGET = 10.8;
				SDKROOT = macosx;
			};
			name = Release;
		};
		1204312F167D4AA600F509B7 /* Debug */ = {
			isa = XCBuildConfiguration;
			buildSettings = {
				COMBINE_HIDPI_IMAGES = YES;
				GCC_PRECOMPILE_PREFIX_HEADER = YES;
				GCC_PREFIX_HEADER = "ExampleMacAppNoARC/ExampleMacAppNoARC-Prefix.pch";
				INFOPLIST_FILE = "ExampleMacAppNoARC/ExampleMacAppNoARC-Info.plist";
				PRODUCT_NAME = "$(TARGET_NAME)";
				WRAPPER_EXTENSION = app;
			};
			name = Debug;
		};
		12043130167D4AA600F509B7 /* Release */ = {
			isa = XCBuildConfiguration;
			buildSettings = {
				COMBINE_HIDPI_IMAGES = YES;
				GCC_PRECOMPILE_PREFIX_HEADER = YES;
				GCC_PREFIX_HEADER = "ExampleMacAppNoARC/ExampleMacAppNoARC-Prefix.pch";
				INFOPLIST_FILE = "ExampleMacAppNoARC/ExampleMacAppNoARC-Info.plist";
				PRODUCT_NAME = "$(TARGET_NAME)";
				WRAPPER_EXTENSION = app;
			};
			name = Release;
		};
/* End XCBuildConfiguration section */

/* Begin XCConfigurationList section */
		1204310A167D4AA600F509B7 /* Build configuration list for PBXProject "ExampleMacAppNoARC" */ = {
			isa = XCConfigurationList;
			buildConfigurations = (
				1204312C167D4AA600F509B7 /* Debug */,
				1204312D167D4AA600F509B7 /* Release */,
			);
			defaultConfigurationIsVisible = 0;
			defaultConfigurationName = Release;
		};
		1204312E167D4AA600F509B7 /* Build configuration list for PBXNativeTarget "ExampleMacAppNoARC" */ = {
			isa = XCConfigurationList;
			buildConfigurations = (
				1204312F167D4AA600F509B7 /* Debug */,
				12043130167D4AA600F509B7 /* Release */,
			);
			defaultConfigurationIsVisible = 0;
			defaultConfigurationName = Release;
		};
/* End XCConfigurationList section */
	};
	rootObject = 12043107167D4AA600F509B7 /* Project object */;
}
