
Microsoft Visual Studio Solution File, Format Version 12.00
# Visual Studio Express 2012 for Windows Phone
Project("{FAE04EC0-301F-11D3-BF4B-00C04F79EFBC}") = "TapstreamWinPhone", "TapstreamWinPhone\TapstreamWinPhone.csproj", "{34973590-9138-4824-BD75-818D71C1F9B2}"
EndProject
Global
	GlobalSection(SolutionConfigurationPlatforms) = preSolution
		Debug|Any CPU = Debug|Any CPU
		Release|Any CPU = Release|Any CPU
	EndGlobalSection
	GlobalSection(ProjectConfigurationPlatforms) = postSolution
		{34973590-9138-4824-BD75-818D71C1F9B2}.Debug|Any CPU.ActiveCfg = Debug|Any CPU
		{34973590-9138-4824-BD75-818D71C1F9B2}.Debug|Any CPU.Build.0 = Debug|Any CPU
		{34973590-9138-4824-BD75-818D71C1F9B2}.Release|Any CPU.ActiveCfg = Release|Any CPU
		{34973590-9138-4824-BD75-818D71C1F9B2}.Release|Any CPU.Build.0 = Release|Any CPU
	EndGlobalSection
	GlobalSection(SolutionProperties) = preSolution
		HideSolutionNode = FALSE
	EndGlobalSection
EndGlobal
