
Microsoft Visual Studio Solution File, Format Version 12.00
# Visual Studio Express 2012 for Windows Phone
Project("{FAE04EC0-301F-11D3-BF4B-00C04F79EFBC}") = "TapstreamWinPhone", "TapstreamWinPhone\TapstreamWinPhone.csproj", "{DFDA4623-2FE9-412F-A892-C682D28D4299}"
EndProject
Global
	GlobalSection(SolutionConfigurationPlatforms) = preSolution
		Debug|Any CPU = Debug|Any CPU
		Release|Any CPU = Release|Any CPU
	EndGlobalSection
	GlobalSection(ProjectConfigurationPlatforms) = postSolution
		{DFDA4623-2FE9-412F-A892-C682D28D4299}.Debug|Any CPU.ActiveCfg = Debug|Any CPU
		{DFDA4623-2FE9-412F-A892-C682D28D4299}.Debug|Any CPU.Build.0 = Debug|Any CPU
		{DFDA4623-2FE9-412F-A892-C682D28D4299}.Release|Any CPU.ActiveCfg = Release|Any CPU
		{DFDA4623-2FE9-412F-A892-C682D28D4299}.Release|Any CPU.Build.0 = Release|Any CPU
	EndGlobalSection
	GlobalSection(SolutionProperties) = preSolution
		HideSolutionNode = FALSE
	EndGlobalSection
EndGlobal
