// !$*UTF8*$!
{
	archiveVersion = 1;
	classes = {
	};
	objectVersion = 46;
	objects = {

/* Begin PBXBuildFile section */
		66B043931A12CB93001C9873 /* TSConfig.m in Sources */ = {isa = PBXBuildFile; fileRef = 66B043771A12CB93001C9873 /* TSConfig.m */; };
		66B043941A12CB93001C9873 /* TSCore.m in Sources */ = {isa = PBXBuildFile; fileRef = 66B043791A12CB93001C9873 /* TSCore.m */; };
		66B043951A12CB93001C9873 /* TSEvent.m in Sources */ = {isa = PBXBuildFile; fileRef = 66B0437D1A12CB93001C9873 /* TSEvent.m */; };
		66B043961A12CB93001C9873 /* TSHit.m in Sources */ = {isa = PBXBuildFile; fileRef = 66B043801A12CB93001C9873 /* TSHit.m */; };
		66B043971A12CB93001C9873 /* TSLogging.m in Sources */ = {isa = PBXBuildFile; fileRef = 66B043821A12CB93001C9873 /* TSLogging.m */; };
		66B043981A12CB93001C9873 /* TSResponse.m in Sources */ = {isa = PBXBuildFile; fileRef = 66B043861A12CB93001C9873 /* TSResponse.m */; };
		66B043991A12CB93001C9873 /* TSUtils.m in Sources */ = {isa = PBXBuildFile; fileRef = 66B043881A12CB93001C9873 /* TSUtils.m */; };
		66B0439A1A12CB93001C9873 /* TSAppEventSourceImpl.m in Sources */ = {isa = PBXBuildFile; fileRef = 66B0438B1A12CB93001C9873 /* TSAppEventSourceImpl.m */; };
		66B0439B1A12CB93001C9873 /* TSCoreListenerImpl.m in Sources */ = {isa = PBXBuildFile; fileRef = 66B0438D1A12CB93001C9873 /* TSCoreListenerImpl.m */; };
		66B0439C1A12CB93001C9873 /* TSPlatformImpl.m in Sources */ = {isa = PBXBuildFile; fileRef = 66B0438F1A12CB93001C9873 /* TSPlatformImpl.m */; };
		66B0439D1A12CB93001C9873 /* TSTapstream.m in Sources */ = {isa = PBXBuildFile; fileRef = 66B043911A12CB93001C9873 /* TSTapstream.m */; };
		66D8B4161A004A35001F762A /* AppDelegate.swift in Sources */ = {isa = PBXBuildFile; fileRef = 66D8B4151A004A35001F762A /* AppDelegate.swift */; };
		66D8B4181A004A35001F762A /* ViewController.swift in Sources */ = {isa = PBXBuildFile; fileRef = 66D8B4171A004A35001F762A /* ViewController.swift */; };
		66D8B41B1A004A35001F762A /* Main.storyboard in Resources */ = {isa = PBXBuildFile; fileRef = 66D8B4191A004A35001F762A /* Main.storyboard */; };
		66D8B41D1A004A35001F762A /* Images.xcassets in Resources */ = {isa = PBXBuildFile; fileRef = 66D8B41C1A004A35001F762A /* Images.xcassets */; };
		66D8B4331A004EA8001F762A /* AdSupport.framework in Frameworks */ = {isa = PBXBuildFile; fileRef = 66D8B4321A004EA8001F762A /* AdSupport.framework */; };
/* End PBXBuildFile section */

/* Begin PBXFileReference section */
		66317FD11A01775A00916FAC /* SwiftExample-Bridging-Header.h */ = {isa = PBXFileReference; lastKnownFileType = sourcecode.c.h; path = "SwiftExample-Bridging-Header.h"; sourceTree = "<group>"; };
		66B043711A12CB6D001C9873 /* SwiftExample.app */ = {isa = PBXFileReference; explicitFileType = wrapper.application; includeInIndex = 0; name = SwiftExample.app; path = "/Users/adam/tmp/tapstream-sdk/examples/iOS/SwiftExample/build/Debug-iphoneos/SwiftExample.app"; sourceTree = "<absolute>"; };
		66B043741A12CB93001C9873 /* TSApi.h */ = {isa = PBXFileReference; fileEncoding = 4; lastKnownFileType = sourcecode.c.h; path = TSApi.h; sourceTree = "<group>"; };
		66B043751A12CB93001C9873 /* TSAppEventSource.h */ = {isa = PBXFileReference; fileEncoding = 4; lastKnownFileType = sourcecode.c.h; path = TSAppEventSource.h; sourceTree = "<group>"; };
		66B043761A12CB93001C9873 /* TSConfig.h */ = {isa = PBXFileReference; fileEncoding = 4; lastKnownFileType = sourcecode.c.h; path = TSConfig.h; sourceTree = "<group>"; };
		66B043771A12CB93001C9873 /* TSConfig.m */ = {isa = PBXFileReference; fileEncoding = 4; lastKnownFileType = sourcecode.c.objc; path = TSConfig.m; sourceTree = "<group>"; };
		66B043781A12CB93001C9873 /* TSCore.h */ = {isa = PBXFileReference; fileEncoding = 4; lastKnownFileType = sourcecode.c.h; path = TSCore.h; sourceTree = "<group>"; };
		66B043791A12CB93001C9873 /* TSCore.m */ = {isa = PBXFileReference; fileEncoding = 4; lastKnownFileType = sourcecode.c.objc; path = TSCore.m; sourceTree = "<group>"; };
		66B0437A1A12CB93001C9873 /* TSCoreListener.h */ = {isa = PBXFileReference; fileEncoding = 4; lastKnownFileType = sourcecode.c.h; path = TSCoreListener.h; sourceTree = "<group>"; };
		66B0437B1A12CB93001C9873 /* TSDelegate.h */ = {isa = PBXFileReference; fileEncoding = 4; lastKnownFileType = sourcecode.c.h; path = TSDelegate.h; sourceTree = "<group>"; };
		66B0437C1A12CB93001C9873 /* TSEvent.h */ = {isa = PBXFileReference; fileEncoding = 4; lastKnownFileType = sourcecode.c.h; path = TSEvent.h; sourceTree = "<group>"; };
		66B0437D1A12CB93001C9873 /* TSEvent.m */ = {isa = PBXFileReference; fileEncoding = 4; lastKnownFileType = sourcecode.c.objc; path = TSEvent.m; sourceTree = "<group>"; };
		66B0437E1A12CB93001C9873 /* TSHelpers.h */ = {isa = PBXFileReference; fileEncoding = 4; lastKnownFileType = sourcecode.c.h; path = TSHelpers.h; sourceTree = "<group>"; };
		66B0437F1A12CB93001C9873 /* TSHit.h */ = {isa = PBXFileReference; fileEncoding = 4; lastKnownFileType = sourcecode.c.h; path = TSHit.h; sourceTree = "<group>"; };
		66B043801A12CB93001C9873 /* TSHit.m */ = {isa = PBXFileReference; fileEncoding = 4; lastKnownFileType = sourcecode.c.objc; path = TSHit.m; sourceTree = "<group>"; };
		66B043811A12CB93001C9873 /* TSLogging.h */ = {isa = PBXFileReference; fileEncoding = 4; lastKnownFileType = sourcecode.c.h; path = TSLogging.h; sourceTree = "<group>"; };
		66B043821A12CB93001C9873 /* TSLogging.m */ = {isa = PBXFileReference; fileEncoding = 4; lastKnownFileType = sourcecode.c.objc; path = TSLogging.m; sourceTree = "<group>"; };
		66B043831A12CB93001C9873 /* TSLogLevel.h */ = {isa = PBXFileReference; fileEncoding = 4; lastKnownFileType = sourcecode.c.h; path = TSLogLevel.h; sourceTree = "<group>"; };
		66B043841A12CB93001C9873 /* TSPlatform.h */ = {isa = PBXFileReference; fileEncoding = 4; lastKnownFileType = sourcecode.c.h; path = TSPlatform.h; sourceTree = "<group>"; };
		66B043851A12CB93001C9873 /* TSResponse.h */ = {isa = PBXFileReference; fileEncoding = 4; lastKnownFileType = sourcecode.c.h; path = TSResponse.h; sourceTree = "<group>"; };
		66B043861A12CB93001C9873 /* TSResponse.m */ = {isa = PBXFileReference; fileEncoding = 4; lastKnownFileType = sourcecode.c.objc; path = TSResponse.m; sourceTree = "<group>"; };
		66B043871A12CB93001C9873 /* TSUtils.h */ = {isa = PBXFileReference; fileEncoding = 4; lastKnownFileType = sourcecode.c.h; path = TSUtils.h; sourceTree = "<group>"; };
		66B043881A12CB93001C9873 /* TSUtils.m */ = {isa = PBXFileReference; fileEncoding = 4; lastKnownFileType = sourcecode.c.objc; path = TSUtils.m; sourceTree = "<group>"; };
		66B0438A1A12CB93001C9873 /* TSAppEventSourceImpl.h */ = {isa = PBXFileReference; fileEncoding = 4; lastKnownFileType = sourcecode.c.h; path = TSAppEventSourceImpl.h; sourceTree = "<group>"; };
		66B0438B1A12CB93001C9873 /* TSAppEventSourceImpl.m */ = {isa = PBXFileReference; fileEncoding = 4; lastKnownFileType = sourcecode.c.objc; path = TSAppEventSourceImpl.m; sourceTree = "<group>"; };
		66B0438C1A12CB93001C9873 /* TSCoreListenerImpl.h */ = {isa = PBXFileReference; fileEncoding = 4; lastKnownFileType = sourcecode.c.h; path = TSCoreListenerImpl.h; sourceTree = "<group>"; };
		66B0438D1A12CB93001C9873 /* TSCoreListenerImpl.m */ = {isa = PBXFileReference; fileEncoding = 4; lastKnownFileType = sourcecode.c.objc; path = TSCoreListenerImpl.m; sourceTree = "<group>"; };
		66B0438E1A12CB93001C9873 /* TSPlatformImpl.h */ = {isa = PBXFileReference; fileEncoding = 4; lastKnownFileType = sourcecode.c.h; path = TSPlatformImpl.h; sourceTree = "<group>"; };
		66B0438F1A12CB93001C9873 /* TSPlatformImpl.m */ = {isa = PBXFileReference; fileEncoding = 4; lastKnownFileType = sourcecode.c.objc; path = TSPlatformImpl.m; sourceTree = "<group>"; };
		66B043901A12CB93001C9873 /* TSTapstream.h */ = {isa = PBXFileReference; fileEncoding = 4; lastKnownFileType = sourcecode.c.h; path = TSTapstream.h; sourceTree = "<group>"; };
		66B043911A12CB93001C9873 /* TSTapstream.m */ = {isa = PBXFileReference; fileEncoding = 4; lastKnownFileType = sourcecode.c.objc; path = TSTapstream.m; sourceTree = "<group>"; };
		66B043921A12CB93001C9873 /* TSWordOfMouthDelegate.h */ = {isa = PBXFileReference; fileEncoding = 4; lastKnownFileType = sourcecode.c.h; path = TSWordOfMouthDelegate.h; sourceTree = "<group>"; };
		66D8B4141A004A35001F762A /* Info.plist */ = {isa = PBXFileReference; lastKnownFileType = text.plist.xml; path = Info.plist; sourceTree = "<group>"; };
		66D8B4151A004A35001F762A /* AppDelegate.swift */ = {isa = PBXFileReference; lastKnownFileType = sourcecode.swift; path = AppDelegate.swift; sourceTree = "<group>"; };
		66D8B4171A004A35001F762A /* ViewController.swift */ = {isa = PBXFileReference; lastKnownFileType = sourcecode.swift; path = ViewController.swift; sourceTree = "<group>"; };
		66D8B41A1A004A35001F762A /* Base */ = {isa = PBXFileReference; lastKnownFileType = file.storyboard; name = Base; path = Base.lproj/Main.storyboard; sourceTree = "<group>"; };
		66D8B41C1A004A35001F762A /* Images.xcassets */ = {isa = PBXFileReference; lastKnownFileType = folder.assetcatalog; path = Images.xcassets; sourceTree = "<group>"; };
		66D8B4321A004EA8001F762A /* AdSupport.framework */ = {isa = PBXFileReference; lastKnownFileType = wrapper.framework; name = AdSupport.framework; path = System/Library/Frameworks/AdSupport.framework; sourceTree = SDKROOT; };
/* End PBXFileReference section */

/* Begin PBXFrameworksBuildPhase section */
		66D8B40D1A004A35001F762A /* Frameworks */ = {
			isa = PBXFrameworksBuildPhase;
			buildActionMask = 2147483647;
			files = (
				66D8B4331A004EA8001F762A /* AdSupport.framework in Frameworks */,
			);
			runOnlyForDeploymentPostprocessing = 0;
		};
/* End PBXFrameworksBuildPhase section */

/* Begin PBXGroup section */
		66B043731A12CB93001C9873 /* Core */ = {
			isa = PBXGroup;
			children = (
				66B043741A12CB93001C9873 /* TSApi.h */,
				66B043751A12CB93001C9873 /* TSAppEventSource.h */,
				66B043761A12CB93001C9873 /* TSConfig.h */,
				66B043771A12CB93001C9873 /* TSConfig.m */,
				66B043781A12CB93001C9873 /* TSCore.h */,
				66B043791A12CB93001C9873 /* TSCore.m */,
				66B0437A1A12CB93001C9873 /* TSCoreListener.h */,
				66B0437B1A12CB93001C9873 /* TSDelegate.h */,
				66B0437C1A12CB93001C9873 /* TSEvent.h */,
				66B0437D1A12CB93001C9873 /* TSEvent.m */,
				66B0437E1A12CB93001C9873 /* TSHelpers.h */,
				66B0437F1A12CB93001C9873 /* TSHit.h */,
				66B043801A12CB93001C9873 /* TSHit.m */,
				66B043811A12CB93001C9873 /* TSLogging.h */,
				66B043821A12CB93001C9873 /* TSLogging.m */,
				66B043831A12CB93001C9873 /* TSLogLevel.h */,
				66B043841A12CB93001C9873 /* TSPlatform.h */,
				66B043851A12CB93001C9873 /* TSResponse.h */,
				66B043861A12CB93001C9873 /* TSResponse.m */,
				66B043871A12CB93001C9873 /* TSUtils.h */,
				66B043881A12CB93001C9873 /* TSUtils.m */,
			);
			name = Core;
			path = ../../../objc/Core;
			sourceTree = "<group>";
		};
		66B043891A12CB93001C9873 /* Tapstream */ = {
			isa = PBXGroup;
			children = (
				66B0438A1A12CB93001C9873 /* TSAppEventSourceImpl.h */,
				66B0438B1A12CB93001C9873 /* TSAppEventSourceImpl.m */,
				66B0438C1A12CB93001C9873 /* TSCoreListenerImpl.h */,
				66B0438D1A12CB93001C9873 /* TSCoreListenerImpl.m */,
				66B0438E1A12CB93001C9873 /* TSPlatformImpl.h */,
				66B0438F1A12CB93001C9873 /* TSPlatformImpl.m */,
				66B043901A12CB93001C9873 /* TSTapstream.h */,
				66B043911A12CB93001C9873 /* TSTapstream.m */,
				66B043921A12CB93001C9873 /* TSWordOfMouthDelegate.h */,
			);
			name = Tapstream;
			path = ../../../objc/Tapstream;
			sourceTree = "<group>";
		};
		66D8B4071A004A35001F762A = {
			isa = PBXGroup;
			children = (
				66B043731A12CB93001C9873 /* Core */,
				66B043891A12CB93001C9873 /* Tapstream */,
				66D8B4321A004EA8001F762A /* AdSupport.framework */,
				66D8B4121A004A35001F762A /* SwiftExample */,
				66317FD11A01775A00916FAC /* SwiftExample-Bridging-Header.h */,
			);
			sourceTree = "<group>";
		};
		66D8B4121A004A35001F762A /* SwiftExample */ = {
			isa = PBXGroup;
			children = (
				66D8B4151A004A35001F762A /* AppDelegate.swift */,
				66D8B4171A004A35001F762A /* ViewController.swift */,
				66D8B4191A004A35001F762A /* Main.storyboard */,
				66D8B41C1A004A35001F762A /* Images.xcassets */,
				66D8B4131A004A35001F762A /* Supporting Files */,
			);
			path = SwiftExample;
			sourceTree = "<group>";
		};
		66D8B4131A004A35001F762A /* Supporting Files */ = {
			isa = PBXGroup;
			children = (
				66D8B4141A004A35001F762A /* Info.plist */,
			);
			name = "Supporting Files";
			sourceTree = "<group>";
		};
/* End PBXGroup section */

/* Begin PBXNativeTarget section */
		66D8B40F1A004A35001F762A /* SwiftExample */ = {
			isa = PBXNativeTarget;
			buildConfigurationList = 66D8B42C1A004A35001F762A /* Build configuration list for PBXNativeTarget "SwiftExample" */;
			buildPhases = (
				66D8B40C1A004A35001F762A /* Sources */,
				66D8B40D1A004A35001F762A /* Frameworks */,
				66D8B40E1A004A35001F762A /* Resources */,
			);
			buildRules = (
			);
			dependencies = (
			);
			name = SwiftExample;
			productName = SwiftExample;
			productReference = 66B043711A12CB6D001C9873 /* SwiftExample.app */;
			productType = "com.apple.product-type.application";
		};
/* End PBXNativeTarget section */

/* Begin PBXProject section */
		66D8B4081A004A35001F762A /* Project object */ = {
			isa = PBXProject;
			attributes = {
				LastUpgradeCheck = 0600;
				ORGANIZATIONNAME = "Adam Bard";
				TargetAttributes = {
					66D8B40F1A004A35001F762A = {
						CreatedOnToolsVersion = 6.0;
					};
				};
			};
			buildConfigurationList = 66D8B40B1A004A35001F762A /* Build configuration list for PBXProject "SwiftExample" */;
			compatibilityVersion = "Xcode 3.2";
			developmentRegion = English;
			hasScannedForEncodings = 0;
			knownRegions = (
				en,
				Base,
			);
			mainGroup = 66D8B4071A004A35001F762A;
			productRefGroup = 66D8B4071A004A35001F762A;
			projectDirPath = "";
			projectRoot = "";
			targets = (
				66D8B40F1A004A35001F762A /* SwiftExample */,
			);
		};
/* End PBXProject section */

/* Begin PBXResourcesBuildPhase section */
		66D8B40E1A004A35001F762A /* Resources */ = {
			isa = PBXResourcesBuildPhase;
			buildActionMask = 2147483647;
			files = (
				66D8B41B1A004A35001F762A /* Main.storyboard in Resources */,
				66D8B41D1A004A35001F762A /* Images.xcassets in Resources */,
			);
			runOnlyForDeploymentPostprocessing = 0;
		};
/* End PBXResourcesBuildPhase section */

/* Begin PBXSourcesBuildPhase section */
		66D8B40C1A004A35001F762A /* Sources */ = {
			isa = PBXSourcesBuildPhase;
			buildActionMask = 2147483647;
			files = (
				66B0439B1A12CB93001C9873 /* TSCoreListenerImpl.m in Sources */,
				66B043961A12CB93001C9873 /* TSHit.m in Sources */,
				66B0439D1A12CB93001C9873 /* TSTapstream.m in Sources */,
				66B043951A12CB93001C9873 /* TSEvent.m in Sources */,
				66B043931A12CB93001C9873 /* TSConfig.m in Sources */,
				66B043971A12CB93001C9873 /* TSLogging.m in Sources */,
				66B0439A1A12CB93001C9873 /* TSAppEventSourceImpl.m in Sources */,
				66B043991A12CB93001C9873 /* TSUtils.m in Sources */,
				66D8B4181A004A35001F762A /* ViewController.swift in Sources */,
				66B043981A12CB93001C9873 /* TSResponse.m in Sources */,
				66B0439C1A12CB93001C9873 /* TSPlatformImpl.m in Sources */,
				66D8B4161A004A35001F762A /* AppDelegate.swift in Sources */,
				66B043941A12CB93001C9873 /* TSCore.m in Sources */,
			);
			runOnlyForDeploymentPostprocessing = 0;
		};
/* End PBXSourcesBuildPhase section */

/* Begin PBXVariantGroup section */
		66D8B4191A004A35001F762A /* Main.storyboard */ = {
			isa = PBXVariantGroup;
			children = (
				66D8B41A1A004A35001F762A /* Base */,
			);
			name = Main.storyboard;
			sourceTree = "<group>";
		};
/* End PBXVariantGroup section */

/* Begin XCBuildConfiguration section */
		66D8B42A1A004A35001F762A /* Debug */ = {
			isa = XCBuildConfiguration;
			buildSettings = {
				ALWAYS_SEARCH_USER_PATHS = NO;
				CLANG_CXX_LANGUAGE_STANDARD = "gnu++0x";
				CLANG_CXX_LIBRARY = "libc++";
				CLANG_ENABLE_MODULES = YES;
				CLANG_ENABLE_OBJC_ARC = YES;
				CLANG_WARN_BOOL_CONVERSION = YES;
				CLANG_WARN_CONSTANT_CONVERSION = YES;
				CLANG_WARN_DIRECT_OBJC_ISA_USAGE = YES_ERROR;
				CLANG_WARN_EMPTY_BODY = YES;
				CLANG_WARN_ENUM_CONVERSION = YES;
				CLANG_WARN_INT_CONVERSION = YES;
				CLANG_WARN_OBJC_ROOT_CLASS = YES_ERROR;
				CLANG_WARN_UNREACHABLE_CODE = YES;
				CLANG_WARN__DUPLICATE_METHOD_MATCH = YES;
				"CODE_SIGN_IDENTITY[sdk=iphoneos*]" = "iPhone Developer";
				COPY_PHASE_STRIP = NO;
				ENABLE_STRICT_OBJC_MSGSEND = YES;
				GCC_C_LANGUAGE_STANDARD = gnu99;
				GCC_DYNAMIC_NO_PIC = NO;
				GCC_OPTIMIZATION_LEVEL = 0;
				GCC_PREPROCESSOR_DEFINITIONS = (
					"DEBUG=1",
					"$(inherited)",
				);
				GCC_SYMBOLS_PRIVATE_EXTERN = NO;
				GCC_WARN_64_TO_32_BIT_CONVERSION = YES;
				GCC_WARN_ABOUT_RETURN_TYPE = YES_ERROR;
				GCC_WARN_UNDECLARED_SELECTOR = YES;
				GCC_WARN_UNINITIALIZED_AUTOS = YES_AGGRESSIVE;
				GCC_WARN_UNUSED_FUNCTION = YES;
				GCC_WARN_UNUSED_VARIABLE = YES;
				IPHONEOS_DEPLOYMENT_TARGET = 8.0;
				MTL_ENABLE_DEBUG_INFO = YES;
				ONLY_ACTIVE_ARCH = YES;
				SDKROOT = iphoneos;
				SWIFT_OBJC_BRIDGING_HEADER = "SwiftExample/SwiftExample-Bridging-Header.h";
				SWIFT_OPTIMIZATION_LEVEL = "-Onone";
				TARGETED_DEVICE_FAMILY = "1,2";
			};
			name = Debug;
		};
		66D8B42B1A004A35001F762A /* Release */ = {
			isa = XCBuildConfiguration;
			buildSettings = {
				ALWAYS_SEARCH_USER_PATHS = NO;
				CLANG_CXX_LANGUAGE_STANDARD = "gnu++0x";
				CLANG_CXX_LIBRARY = "libc++";
				CLANG_ENABLE_MODULES = YES;
				CLANG_ENABLE_OBJC_ARC = YES;
				CLANG_WARN_BOOL_CONVERSION = YES;
				CLANG_WARN_CONSTANT_CONVERSION = YES;
				CLANG_WARN_DIRECT_OBJC_ISA_USAGE = YES_ERROR;
				CLANG_WARN_EMPTY_BODY = YES;
				CLANG_WARN_ENUM_CONVERSION = YES;
				CLANG_WARN_INT_CONVERSION = YES;
				CLANG_WARN_OBJC_ROOT_CLASS = YES_ERROR;
				CLANG_WARN_UNREACHABLE_CODE = YES;
				CLANG_WARN__DUPLICATE_METHOD_MATCH = YES;
				"CODE_SIGN_IDENTITY[sdk=iphoneos*]" = "iPhone Developer";
				COPY_PHASE_STRIP = YES;
				ENABLE_NS_ASSERTIONS = NO;
				ENABLE_STRICT_OBJC_MSGSEND = YES;
				GCC_C_LANGUAGE_STANDARD = gnu99;
				GCC_WARN_64_TO_32_BIT_CONVERSION = YES;
				GCC_WARN_ABOUT_RETURN_TYPE = YES_ERROR;
				GCC_WARN_UNDECLARED_SELECTOR = YES;
				GCC_WARN_UNINITIALIZED_AUTOS = YES_AGGRESSIVE;
				GCC_WARN_UNUSED_FUNCTION = YES;
				GCC_WARN_UNUSED_VARIABLE = YES;
				IPHONEOS_DEPLOYMENT_TARGET = 8.0;
				MTL_ENABLE_DEBUG_INFO = NO;
				SDKROOT = iphoneos;
				SWIFT_OBJC_BRIDGING_HEADER = "SwiftExample/SwiftExample-Bridging-Header.h";
				TARGETED_DEVICE_FAMILY = "1,2";
				VALIDATE_PRODUCT = YES;
			};
			name = Release;
		};
		66D8B42D1A004A35001F762A /* Debug */ = {
			isa = XCBuildConfiguration;
			buildSettings = {
				ASSETCATALOG_COMPILER_APPICON_NAME = AppIcon;
				ASSETCATALOG_COMPILER_LAUNCHIMAGE_NAME = LaunchImage;
				CLANG_ENABLE_MODULES = YES;
				INFOPLIST_FILE = SwiftExample/Info.plist;
				LD_RUNPATH_SEARCH_PATHS = "$(inherited) @executable_path/Frameworks";
				PRODUCT_NAME = "$(TARGET_NAME)";
				SWIFT_OBJC_BRIDGING_HEADER = "SwiftExample-Bridging-Header.h";
				SWIFT_OPTIMIZATION_LEVEL = "-Onone";
			};
			name = Debug;
		};
		66D8B42E1A004A35001F762A /* Release */ = {
			isa = XCBuildConfiguration;
			buildSettings = {
				ASSETCATALOG_COMPILER_APPICON_NAME = AppIcon;
				ASSETCATALOG_COMPILER_LAUNCHIMAGE_NAME = LaunchImage;
				CLANG_ENABLE_MODULES = YES;
				INFOPLIST_FILE = SwiftExample/Info.plist;
				LD_RUNPATH_SEARCH_PATHS = "$(inherited) @executable_path/Frameworks";
				PRODUCT_NAME = "$(TARGET_NAME)";
				SWIFT_OBJC_BRIDGING_HEADER = "SwiftExample-Bridging-Header.h";
			};
			name = Release;
		};
/* End XCBuildConfiguration section */

/* Begin XCConfigurationList section */
		66D8B40B1A004A35001F762A /* Build configuration list for PBXProject "SwiftExample" */ = {
			isa = XCConfigurationList;
			buildConfigurations = (
				66D8B42A1A004A35001F762A /* Debug */,
				66D8B42B1A004A35001F762A /* Release */,
			);
			defaultConfigurationIsVisible = 0;
			defaultConfigurationName = Release;
		};
		66D8B42C1A004A35001F762A /* Build configuration list for PBXNativeTarget "SwiftExample" */ = {
			isa = XCConfigurationList;
			buildConfigurations = (
				66D8B42D1A004A35001F762A /* Debug */,
				66D8B42E1A004A35001F762A /* Release */,
			);
			defaultConfigurationIsVisible = 0;
			defaultConfigurationName = Release;
		};
/* End XCConfigurationList section */
	};
	rootObject = 66D8B4081A004A35001F762A /* Project object */;
}
