// !$*UTF8*$!
{
	archiveVersion = 1;
	classes = {
	};
	objectVersion = 46;
	objects = {

/* Begin PBXBuildFile section */
		1271670A193946B200D9001A /* check.png in Resources */ = {isa = PBXBuildFile; fileRef = 127166E3193946B200D9001A /* check.png */; };
		1271670B193946B200D9001A /* check@2x.png in Resources */ = {isa = PBXBuildFile; fileRef = 127166E4193946B200D9001A /* check@2x.png */; };
		1271670C193946B200D9001A /* close-down.png in Resources */ = {isa = PBXBuildFile; fileRef = 127166E5193946B200D9001A /* close-down.png */; };
		1271670D193946B200D9001A /* close-down@2x.png in Resources */ = {isa = PBXBuildFile; fileRef = 127166E6193946B200D9001A /* close-down@2x.png */; };
		1271670E193946B200D9001A /* close.png in Resources */ = {isa = PBXBuildFile; fileRef = 127166E7193946B200D9001A /* close.png */; };
		1271670F193946B200D9001A /* close@2x.png in Resources */ = {isa = PBXBuildFile; fileRef = 127166E8193946B200D9001A /* close@2x.png */; };
		12716710193946B200D9001A /* done-disabled.png in Resources */ = {isa = PBXBuildFile; fileRef = 127166E9193946B200D9001A /* done-disabled.png */; };
		12716711193946B200D9001A /* done-disabled@2x.png in Resources */ = {isa = PBXBuildFile; fileRef = 127166EA193946B200D9001A /* done-disabled@2x.png */; };
		12716712193946B200D9001A /* done-down.png in Resources */ = {isa = PBXBuildFile; fileRef = 127166EB193946B200D9001A /* done-down.png */; };
		12716713193946B200D9001A /* done-down@2x.png in Resources */ = {isa = PBXBuildFile; fileRef = 127166EC193946B200D9001A /* done-down@2x.png */; };
		12716714193946B200D9001A /* done.png in Resources */ = {isa = PBXBuildFile; fileRef = 127166ED193946B200D9001A /* done.png */; };
		12716715193946B200D9001A /* done@2x.png in Resources */ = {isa = PBXBuildFile; fileRef = 127166EE193946B200D9001A /* done@2x.png */; };
		12716716193946B200D9001A /* icon-email-disabled.png in Resources */ = {isa = PBXBuildFile; fileRef = 127166EF193946B200D9001A /* icon-email-disabled.png */; };
		12716717193946B200D9001A /* icon-email-disabled@2x.png in Resources */ = {isa = PBXBuildFile; fileRef = 127166F0193946B200D9001A /* icon-email-disabled@2x.png */; };
		12716718193946B200D9001A /* icon-email@2x.png in Resources */ = {isa = PBXBuildFile; fileRef = 127166F1193946B200D9001A /* icon-email@2x.png */; };
		12716719193946B200D9001A /* icon-facebook-disabled.png in Resources */ = {isa = PBXBuildFile; fileRef = 127166F2193946B200D9001A /* icon-facebook-disabled.png */; };
		1271671A193946B200D9001A /* icon-facebook-disabled@2x.png in Resources */ = {isa = PBXBuildFile; fileRef = 127166F3193946B200D9001A /* icon-facebook-disabled@2x.png */; };
		1271671B193946B200D9001A /* icon-facebook.png in Resources */ = {isa = PBXBuildFile; fileRef = 127166F4193946B200D9001A /* icon-facebook.png */; };
		1271671C193946B200D9001A /* icon-facebook@2x.png in Resources */ = {isa = PBXBuildFile; fileRef = 127166F5193946B200D9001A /* icon-facebook@2x.png */; };
		1271671D193946B200D9001A /* icon-messaging-disabled.png in Resources */ = {isa = PBXBuildFile; fileRef = 127166F6193946B200D9001A /* icon-messaging-disabled.png */; };
		1271671E193946B200D9001A /* icon-messaging-disabled@2x.png in Resources */ = {isa = PBXBuildFile; fileRef = 127166F7193946B200D9001A /* icon-messaging-disabled@2x.png */; };
		1271671F193946B200D9001A /* icon-messaging.png in Resources */ = {isa = PBXBuildFile; fileRef = 127166F8193946B200D9001A /* icon-messaging.png */; };
		12716720193946B200D9001A /* icon-messaging@2x.png in Resources */ = {isa = PBXBuildFile; fileRef = 127166F9193946B200D9001A /* icon-messaging@2x.png */; };
		12716721193946B200D9001A /* icon-twitter-disabled.png in Resources */ = {isa = PBXBuildFile; fileRef = 127166FA193946B200D9001A /* icon-twitter-disabled.png */; };
		12716722193946B200D9001A /* icon-twitter-disabled@2x.png in Resources */ = {isa = PBXBuildFile; fileRef = 127166FB193946B200D9001A /* icon-twitter-disabled@2x.png */; };
		12716723193946B200D9001A /* icon-twitter.png in Resources */ = {isa = PBXBuildFile; fileRef = 127166FC193946B200D9001A /* icon-twitter.png */; };
		12716724193946B200D9001A /* icon-twitter@2x.png in Resources */ = {isa = PBXBuildFile; fileRef = 127166FD193946B200D9001A /* icon-twitter@2x.png */; };
		12716725193946B200D9001A /* TSOffer.m in Sources */ = {isa = PBXBuildFile; fileRef = 127166FF193946B200D9001A /* TSOffer.m */; };
		12716726193946B200D9001A /* TSOfferView.xib in Resources */ = {isa = PBXBuildFile; fileRef = 12716700193946B200D9001A /* TSOfferView.xib */; };
		12716727193946B200D9001A /* TSOfferViewController.m in Sources */ = {isa = PBXBuildFile; fileRef = 12716702193946B200D9001A /* TSOfferViewController.m */; };
		12716728193946B200D9001A /* TSReward.m in Sources */ = {isa = PBXBuildFile; fileRef = 12716704193946B200D9001A /* TSReward.m */; };
		12716729193946B200D9001A /* TSShareView.xib in Resources */ = {isa = PBXBuildFile; fileRef = 12716705193946B200D9001A /* TSShareView.xib */; };
		1271672A193946B200D9001A /* TSShareViewController.m in Sources */ = {isa = PBXBuildFile; fileRef = 12716707193946B200D9001A /* TSShareViewController.m */; };
		1271672B193946B200D9001A /* TSUserToUserController.m in Sources */ = {isa = PBXBuildFile; fileRef = 12716709193946B200D9001A /* TSUserToUserController.m */; };
		1288B94E191D6330005DC5B3 /* Foundation.framework in Frameworks */ = {isa = PBXBuildFile; fileRef = 1288B94D191D6330005DC5B3 /* Foundation.framework */; };
		1288B950191D6330005DC5B3 /* CoreGraphics.framework in Frameworks */ = {isa = PBXBuildFile; fileRef = 1288B94F191D6330005DC5B3 /* CoreGraphics.framework */; };
		1288B952191D6330005DC5B3 /* UIKit.framework in Frameworks */ = {isa = PBXBuildFile; fileRef = 1288B951191D6330005DC5B3 /* UIKit.framework */; };
		1288B958191D6330005DC5B3 /* InfoPlist.strings in Resources */ = {isa = PBXBuildFile; fileRef = 1288B956191D6330005DC5B3 /* InfoPlist.strings */; };
		1288B95A191D6330005DC5B3 /* main.m in Sources */ = {isa = PBXBuildFile; fileRef = 1288B959191D6330005DC5B3 /* main.m */; };
		1288B95E191D6330005DC5B3 /* AppDelegate.m in Sources */ = {isa = PBXBuildFile; fileRef = 1288B95D191D6330005DC5B3 /* AppDelegate.m */; };
		1288B961191D6330005DC5B3 /* Main_iPhone.storyboard in Resources */ = {isa = PBXBuildFile; fileRef = 1288B95F191D6330005DC5B3 /* Main_iPhone.storyboard */; };
		1288B964191D6330005DC5B3 /* Main_iPad.storyboard in Resources */ = {isa = PBXBuildFile; fileRef = 1288B962191D6330005DC5B3 /* Main_iPad.storyboard */; };
		1288B967191D6330005DC5B3 /* ViewController.m in Sources */ = {isa = PBXBuildFile; fileRef = 1288B966191D6330005DC5B3 /* ViewController.m */; };
		1288B969191D6330005DC5B3 /* Images.xcassets in Resources */ = {isa = PBXBuildFile; fileRef = 1288B968191D6330005DC5B3 /* Images.xcassets */; };
		1288B970191D6330005DC5B3 /* XCTest.framework in Frameworks */ = {isa = PBXBuildFile; fileRef = 1288B96F191D6330005DC5B3 /* XCTest.framework */; };
		1288B971191D6330005DC5B3 /* Foundation.framework in Frameworks */ = {isa = PBXBuildFile; fileRef = 1288B94D191D6330005DC5B3 /* Foundation.framework */; };
		1288B972191D6330005DC5B3 /* UIKit.framework in Frameworks */ = {isa = PBXBuildFile; fileRef = 1288B951191D6330005DC5B3 /* UIKit.framework */; };
		1288B97A191D6330005DC5B3 /* InfoPlist.strings in Resources */ = {isa = PBXBuildFile; fileRef = 1288B978191D6330005DC5B3 /* InfoPlist.strings */; };
		1288B97C191D6330005DC5B3 /* UserToUserTests.m in Sources */ = {isa = PBXBuildFile; fileRef = 1288B97B191D6330005DC5B3 /* UserToUserTests.m */; };
		12A244DD1927D9060096DC1F /* Social.framework in Frameworks */ = {isa = PBXBuildFile; fileRef = 12A244DC1927D9060096DC1F /* Social.framework */; };
		12A244DF1927DCEE0096DC1F /* MessageUI.framework in Frameworks */ = {isa = PBXBuildFile; fileRef = 12A244DE1927DCEE0096DC1F /* MessageUI.framework */; };
		12A24500192818EC0096DC1F /* TSConfig.m in Sources */ = {isa = PBXBuildFile; fileRef = 12A244E4192818EC0096DC1F /* TSConfig.m */; };
		12A24501192818EC0096DC1F /* TSCore.m in Sources */ = {isa = PBXBuildFile; fileRef = 12A244E6192818EC0096DC1F /* TSCore.m */; };
		12A24502192818EC0096DC1F /* TSEvent.m in Sources */ = {isa = PBXBuildFile; fileRef = 12A244EA192818EC0096DC1F /* TSEvent.m */; };
		12A24503192818EC0096DC1F /* TSHit.m in Sources */ = {isa = PBXBuildFile; fileRef = 12A244ED192818EC0096DC1F /* TSHit.m */; };
		12A24504192818EC0096DC1F /* TSLogging.m in Sources */ = {isa = PBXBuildFile; fileRef = 12A244EF192818EC0096DC1F /* TSLogging.m */; };
		12A24505192818EC0096DC1F /* TSResponse.m in Sources */ = {isa = PBXBuildFile; fileRef = 12A244F3192818EC0096DC1F /* TSResponse.m */; };
		12A24506192818EC0096DC1F /* TSUtils.m in Sources */ = {isa = PBXBuildFile; fileRef = 12A244F5192818EC0096DC1F /* TSUtils.m */; };
		12A24507192818EC0096DC1F /* TSAppEventSourceImpl.m in Sources */ = {isa = PBXBuildFile; fileRef = 12A244F9192818EC0096DC1F /* TSAppEventSourceImpl.m */; };
		12A24508192818EC0096DC1F /* TSCoreListenerImpl.m in Sources */ = {isa = PBXBuildFile; fileRef = 12A244FB192818EC0096DC1F /* TSCoreListenerImpl.m */; };
		12A24509192818EC0096DC1F /* TSPlatformImpl.m in Sources */ = {isa = PBXBuildFile; fileRef = 12A244FD192818EC0096DC1F /* TSPlatformImpl.m */; };
		12A2450A192818EC0096DC1F /* TSTapstream.m in Sources */ = {isa = PBXBuildFile; fileRef = 12A244FF192818EC0096DC1F /* TSTapstream.m */; };
/* End PBXBuildFile section */

/* Begin PBXContainerItemProxy section */
		1288B973191D6330005DC5B3 /* PBXContainerItemProxy */ = {
			isa = PBXContainerItemProxy;
			containerPortal = 1288B942191D6330005DC5B3 /* Project object */;
			proxyType = 1;
			remoteGlobalIDString = 1288B949191D6330005DC5B3;
			remoteInfo = UserToUser;
		};
/* End PBXContainerItemProxy section */

/* Begin PBXFileReference section */
		127166E3193946B200D9001A /* check.png */ = {isa = PBXFileReference; lastKnownFileType = image.png; path = check.png; sourceTree = "<group>"; };
		127166E4193946B200D9001A /* check@2x.png */ = {isa = PBXFileReference; lastKnownFileType = image.png; path = "check@2x.png"; sourceTree = "<group>"; };
		127166E5193946B200D9001A /* close-down.png */ = {isa = PBXFileReference; lastKnownFileType = image.png; path = "close-down.png"; sourceTree = "<group>"; };
		127166E6193946B200D9001A /* close-down@2x.png */ = {isa = PBXFileReference; lastKnownFileType = image.png; path = "close-down@2x.png"; sourceTree = "<group>"; };
		127166E7193946B200D9001A /* close.png */ = {isa = PBXFileReference; lastKnownFileType = image.png; path = close.png; sourceTree = "<group>"; };
		127166E8193946B200D9001A /* close@2x.png */ = {isa = PBXFileReference; lastKnownFileType = image.png; path = "close@2x.png"; sourceTree = "<group>"; };
		127166E9193946B200D9001A /* done-disabled.png */ = {isa = PBXFileReference; lastKnownFileType = image.png; path = "done-disabled.png"; sourceTree = "<group>"; };
		127166EA193946B200D9001A /* done-disabled@2x.png */ = {isa = PBXFileReference; lastKnownFileType = image.png; path = "done-disabled@2x.png"; sourceTree = "<group>"; };
		127166EB193946B200D9001A /* done-down.png */ = {isa = PBXFileReference; lastKnownFileType = image.png; path = "done-down.png"; sourceTree = "<group>"; };
		127166EC193946B200D9001A /* done-down@2x.png */ = {isa = PBXFileReference; lastKnownFileType = image.png; path = "done-down@2x.png"; sourceTree = "<group>"; };
		127166ED193946B200D9001A /* done.png */ = {isa = PBXFileReference; lastKnownFileType = image.png; path = done.png; sourceTree = "<group>"; };
		127166EE193946B200D9001A /* done@2x.png */ = {isa = PBXFileReference; lastKnownFileType = image.png; path = "done@2x.png"; sourceTree = "<group>"; };
		127166EF193946B200D9001A /* icon-email-disabled.png */ = {isa = PBXFileReference; lastKnownFileType = image.png; path = "icon-email-disabled.png"; sourceTree = "<group>"; };
		127166F0193946B200D9001A /* icon-email-disabled@2x.png */ = {isa = PBXFileReference; lastKnownFileType = image.png; path = "icon-email-disabled@2x.png"; sourceTree = "<group>"; };
		127166F1193946B200D9001A /* icon-email@2x.png */ = {isa = PBXFileReference; lastKnownFileType = image.png; path = "icon-email@2x.png"; sourceTree = "<group>"; };
		127166F2193946B200D9001A /* icon-facebook-disabled.png */ = {isa = PBXFileReference; lastKnownFileType = image.png; path = "icon-facebook-disabled.png"; sourceTree = "<group>"; };
		127166F3193946B200D9001A /* icon-facebook-disabled@2x.png */ = {isa = PBXFileReference; lastKnownFileType = image.png; path = "icon-facebook-disabled@2x.png"; sourceTree = "<group>"; };
		127166F4193946B200D9001A /* icon-facebook.png */ = {isa = PBXFileReference; lastKnownFileType = image.png; path = "icon-facebook.png"; sourceTree = "<group>"; };
		127166F5193946B200D9001A /* icon-facebook@2x.png */ = {isa = PBXFileReference; lastKnownFileType = image.png; path = "icon-facebook@2x.png"; sourceTree = "<group>"; };
		127166F6193946B200D9001A /* icon-messaging-disabled.png */ = {isa = PBXFileReference; lastKnownFileType = image.png; path = "icon-messaging-disabled.png"; sourceTree = "<group>"; };
		127166F7193946B200D9001A /* icon-messaging-disabled@2x.png */ = {isa = PBXFileReference; lastKnownFileType = image.png; path = "icon-messaging-disabled@2x.png"; sourceTree = "<group>"; };
		127166F8193946B200D9001A /* icon-messaging.png */ = {isa = PBXFileReference; lastKnownFileType = image.png; path = "icon-messaging.png"; sourceTree = "<group>"; };
		127166F9193946B200D9001A /* icon-messaging@2x.png */ = {isa = PBXFileReference; lastKnownFileType = image.png; path = "icon-messaging@2x.png"; sourceTree = "<group>"; };
		127166FA193946B200D9001A /* icon-twitter-disabled.png */ = {isa = PBXFileReference; lastKnownFileType = image.png; path = "icon-twitter-disabled.png"; sourceTree = "<group>"; };
		127166FB193946B200D9001A /* icon-twitter-disabled@2x.png */ = {isa = PBXFileReference; lastKnownFileType = image.png; path = "icon-twitter-disabled@2x.png"; sourceTree = "<group>"; };
		127166FC193946B200D9001A /* icon-twitter.png */ = {isa = PBXFileReference; lastKnownFileType = image.png; path = "icon-twitter.png"; sourceTree = "<group>"; };
		127166FD193946B200D9001A /* icon-twitter@2x.png */ = {isa = PBXFileReference; lastKnownFileType = image.png; path = "icon-twitter@2x.png"; sourceTree = "<group>"; };
		127166FE193946B200D9001A /* TSOffer.h */ = {isa = PBXFileReference; fileEncoding = 4; lastKnownFileType = sourcecode.c.h; path = TSOffer.h; sourceTree = "<group>"; };
		127166FF193946B200D9001A /* TSOffer.m */ = {isa = PBXFileReference; fileEncoding = 4; lastKnownFileType = sourcecode.c.objc; path = TSOffer.m; sourceTree = "<group>"; };
		12716700193946B200D9001A /* TSOfferView.xib */ = {isa = PBXFileReference; fileEncoding = 4; lastKnownFileType = file.xib; path = TSOfferView.xib; sourceTree = "<group>"; };
		12716701193946B200D9001A /* TSOfferViewController.h */ = {isa = PBXFileReference; fileEncoding = 4; lastKnownFileType = sourcecode.c.h; path = TSOfferViewController.h; sourceTree = "<group>"; };
		12716702193946B200D9001A /* TSOfferViewController.m */ = {isa = PBXFileReference; fileEncoding = 4; lastKnownFileType = sourcecode.c.objc; path = TSOfferViewController.m; sourceTree = "<group>"; };
		12716703193946B200D9001A /* TSReward.h */ = {isa = PBXFileReference; fileEncoding = 4; lastKnownFileType = sourcecode.c.h; path = TSReward.h; sourceTree = "<group>"; };
		12716704193946B200D9001A /* TSReward.m */ = {isa = PBXFileReference; fileEncoding = 4; lastKnownFileType = sourcecode.c.objc; path = TSReward.m; sourceTree = "<group>"; };
		12716705193946B200D9001A /* TSShareView.xib */ = {isa = PBXFileReference; fileEncoding = 4; lastKnownFileType = file.xib; path = TSShareView.xib; sourceTree = "<group>"; };
		12716706193946B200D9001A /* TSShareViewController.h */ = {isa = PBXFileReference; fileEncoding = 4; lastKnownFileType = sourcecode.c.h; path = TSShareViewController.h; sourceTree = "<group>"; };
		12716707193946B200D9001A /* TSShareViewController.m */ = {isa = PBXFileReference; fileEncoding = 4; lastKnownFileType = sourcecode.c.objc; path = TSShareViewController.m; sourceTree = "<group>"; };
		12716708193946B200D9001A /* TSUserToUserController.h */ = {isa = PBXFileReference; fileEncoding = 4; lastKnownFileType = sourcecode.c.h; path = TSUserToUserController.h; sourceTree = "<group>"; };
		12716709193946B200D9001A /* TSUserToUserController.m */ = {isa = PBXFileReference; fileEncoding = 4; lastKnownFileType = sourcecode.c.objc; path = TSUserToUserController.m; sourceTree = "<group>"; };
		1288B94A191D6330005DC5B3 /* UserToUser.app */ = {isa = PBXFileReference; explicitFileType = wrapper.application; includeInIndex = 0; path = UserToUser.app; sourceTree = BUILT_PRODUCTS_DIR; };
		1288B94D191D6330005DC5B3 /* Foundation.framework */ = {isa = PBXFileReference; lastKnownFileType = wrapper.framework; name = Foundation.framework; path = System/Library/Frameworks/Foundation.framework; sourceTree = SDKROOT; };
		1288B94F191D6330005DC5B3 /* CoreGraphics.framework */ = {isa = PBXFileReference; lastKnownFileType = wrapper.framework; name = CoreGraphics.framework; path = System/Library/Frameworks/CoreGraphics.framework; sourceTree = SDKROOT; };
		1288B951191D6330005DC5B3 /* UIKit.framework */ = {isa = PBXFileReference; lastKnownFileType = wrapper.framework; name = UIKit.framework; path = System/Library/Frameworks/UIKit.framework; sourceTree = SDKROOT; };
		1288B955191D6330005DC5B3 /* UserToUser-Info.plist */ = {isa = PBXFileReference; lastKnownFileType = text.plist.xml; path = "UserToUser-Info.plist"; sourceTree = "<group>"; };
		1288B957191D6330005DC5B3 /* en */ = {isa = PBXFileReference; lastKnownFileType = text.plist.strings; name = en; path = en.lproj/InfoPlist.strings; sourceTree = "<group>"; };
		1288B959191D6330005DC5B3 /* main.m */ = {isa = PBXFileReference; lastKnownFileType = sourcecode.c.objc; path = main.m; sourceTree = "<group>"; };
		1288B95B191D6330005DC5B3 /* UserToUser-Prefix.pch */ = {isa = PBXFileReference; lastKnownFileType = sourcecode.c.h; path = "UserToUser-Prefix.pch"; sourceTree = "<group>"; };
		1288B95C191D6330005DC5B3 /* AppDelegate.h */ = {isa = PBXFileReference; lastKnownFileType = sourcecode.c.h; path = AppDelegate.h; sourceTree = "<group>"; };
		1288B95D191D6330005DC5B3 /* AppDelegate.m */ = {isa = PBXFileReference; lastKnownFileType = sourcecode.c.objc; path = AppDelegate.m; sourceTree = "<group>"; };
		1288B960191D6330005DC5B3 /* Base */ = {isa = PBXFileReference; lastKnownFileType = file.storyboard; name = Base; path = Base.lproj/Main_iPhone.storyboard; sourceTree = "<group>"; };
		1288B963191D6330005DC5B3 /* Base */ = {isa = PBXFileReference; lastKnownFileType = file.storyboard; name = Base; path = Base.lproj/Main_iPad.storyboard; sourceTree = "<group>"; };
		1288B965191D6330005DC5B3 /* ViewController.h */ = {isa = PBXFileReference; lastKnownFileType = sourcecode.c.h; path = ViewController.h; sourceTree = "<group>"; };
		1288B966191D6330005DC5B3 /* ViewController.m */ = {isa = PBXFileReference; lastKnownFileType = sourcecode.c.objc; path = ViewController.m; sourceTree = "<group>"; };
		1288B968191D6330005DC5B3 /* Images.xcassets */ = {isa = PBXFileReference; lastKnownFileType = folder.assetcatalog; path = Images.xcassets; sourceTree = "<group>"; };
		1288B96E191D6330005DC5B3 /* UserToUserTests.xctest */ = {isa = PBXFileReference; explicitFileType = wrapper.cfbundle; includeInIndex = 0; path = UserToUserTests.xctest; sourceTree = BUILT_PRODUCTS_DIR; };
		1288B96F191D6330005DC5B3 /* XCTest.framework */ = {isa = PBXFileReference; lastKnownFileType = wrapper.framework; name = XCTest.framework; path = Library/Frameworks/XCTest.framework; sourceTree = DEVELOPER_DIR; };
		1288B977191D6330005DC5B3 /* UserToUserTests-Info.plist */ = {isa = PBXFileReference; lastKnownFileType = text.plist.xml; path = "UserToUserTests-Info.plist"; sourceTree = "<group>"; };
		1288B979191D6330005DC5B3 /* en */ = {isa = PBXFileReference; lastKnownFileType = text.plist.strings; name = en; path = en.lproj/InfoPlist.strings; sourceTree = "<group>"; };
		1288B97B191D6330005DC5B3 /* UserToUserTests.m */ = {isa = PBXFileReference; lastKnownFileType = sourcecode.c.objc; path = UserToUserTests.m; sourceTree = "<group>"; };
		12A244DC1927D9060096DC1F /* Social.framework */ = {isa = PBXFileReference; lastKnownFileType = wrapper.framework; name = Social.framework; path = System/Library/Frameworks/Social.framework; sourceTree = SDKROOT; };
		12A244DE1927DCEE0096DC1F /* MessageUI.framework */ = {isa = PBXFileReference; lastKnownFileType = wrapper.framework; name = MessageUI.framework; path = System/Library/Frameworks/MessageUI.framework; sourceTree = SDKROOT; };
		12A244E1192818EC0096DC1F /* TSApi.h */ = {isa = PBXFileReference; fileEncoding = 4; lastKnownFileType = sourcecode.c.h; path = TSApi.h; sourceTree = "<group>"; };
		12A244E2192818EC0096DC1F /* TSAppEventSource.h */ = {isa = PBXFileReference; fileEncoding = 4; lastKnownFileType = sourcecode.c.h; path = TSAppEventSource.h; sourceTree = "<group>"; };
		12A244E3192818EC0096DC1F /* TSConfig.h */ = {isa = PBXFileReference; fileEncoding = 4; lastKnownFileType = sourcecode.c.h; path = TSConfig.h; sourceTree = "<group>"; };
		12A244E4192818EC0096DC1F /* TSConfig.m */ = {isa = PBXFileReference; fileEncoding = 4; lastKnownFileType = sourcecode.c.objc; path = TSConfig.m; sourceTree = "<group>"; };
		12A244E5192818EC0096DC1F /* TSCore.h */ = {isa = PBXFileReference; fileEncoding = 4; lastKnownFileType = sourcecode.c.h; path = TSCore.h; sourceTree = "<group>"; };
		12A244E6192818EC0096DC1F /* TSCore.m */ = {isa = PBXFileReference; fileEncoding = 4; lastKnownFileType = sourcecode.c.objc; path = TSCore.m; sourceTree = "<group>"; };
		12A244E7192818EC0096DC1F /* TSCoreListener.h */ = {isa = PBXFileReference; fileEncoding = 4; lastKnownFileType = sourcecode.c.h; path = TSCoreListener.h; sourceTree = "<group>"; };
		12A244E8192818EC0096DC1F /* TSDelegate.h */ = {isa = PBXFileReference; fileEncoding = 4; lastKnownFileType = sourcecode.c.h; path = TSDelegate.h; sourceTree = "<group>"; };
		12A244E9192818EC0096DC1F /* TSEvent.h */ = {isa = PBXFileReference; fileEncoding = 4; lastKnownFileType = sourcecode.c.h; path = TSEvent.h; sourceTree = "<group>"; };
		12A244EA192818EC0096DC1F /* TSEvent.m */ = {isa = PBXFileReference; fileEncoding = 4; lastKnownFileType = sourcecode.c.objc; path = TSEvent.m; sourceTree = "<group>"; };
		12A244EB192818EC0096DC1F /* TSHelpers.h */ = {isa = PBXFileReference; fileEncoding = 4; lastKnownFileType = sourcecode.c.h; path = TSHelpers.h; sourceTree = "<group>"; };
		12A244EC192818EC0096DC1F /* TSHit.h */ = {isa = PBXFileReference; fileEncoding = 4; lastKnownFileType = sourcecode.c.h; path = TSHit.h; sourceTree = "<group>"; };
		12A244ED192818EC0096DC1F /* TSHit.m */ = {isa = PBXFileReference; fileEncoding = 4; lastKnownFileType = sourcecode.c.objc; path = TSHit.m; sourceTree = "<group>"; };
		12A244EE192818EC0096DC1F /* TSLogging.h */ = {isa = PBXFileReference; fileEncoding = 4; lastKnownFileType = sourcecode.c.h; path = TSLogging.h; sourceTree = "<group>"; };
		12A244EF192818EC0096DC1F /* TSLogging.m */ = {isa = PBXFileReference; fileEncoding = 4; lastKnownFileType = sourcecode.c.objc; path = TSLogging.m; sourceTree = "<group>"; };
		12A244F0192818EC0096DC1F /* TSLogLevel.h */ = {isa = PBXFileReference; fileEncoding = 4; lastKnownFileType = sourcecode.c.h; path = TSLogLevel.h; sourceTree = "<group>"; };
		12A244F1192818EC0096DC1F /* TSPlatform.h */ = {isa = PBXFileReference; fileEncoding = 4; lastKnownFileType = sourcecode.c.h; path = TSPlatform.h; sourceTree = "<group>"; };
		12A244F2192818EC0096DC1F /* TSResponse.h */ = {isa = PBXFileReference; fileEncoding = 4; lastKnownFileType = sourcecode.c.h; path = TSResponse.h; sourceTree = "<group>"; };
		12A244F3192818EC0096DC1F /* TSResponse.m */ = {isa = PBXFileReference; fileEncoding = 4; lastKnownFileType = sourcecode.c.objc; path = TSResponse.m; sourceTree = "<group>"; };
		12A244F4192818EC0096DC1F /* TSUtils.h */ = {isa = PBXFileReference; fileEncoding = 4; lastKnownFileType = sourcecode.c.h; path = TSUtils.h; sourceTree = "<group>"; };
		12A244F5192818EC0096DC1F /* TSUtils.m */ = {isa = PBXFileReference; fileEncoding = 4; lastKnownFileType = sourcecode.c.objc; path = TSUtils.m; sourceTree = "<group>"; };
		12A244F8192818EC0096DC1F /* TSAppEventSourceImpl.h */ = {isa = PBXFileReference; fileEncoding = 4; lastKnownFileType = sourcecode.c.h; path = TSAppEventSourceImpl.h; sourceTree = "<group>"; };
		12A244F9192818EC0096DC1F /* TSAppEventSourceImpl.m */ = {isa = PBXFileReference; fileEncoding = 4; lastKnownFileType = sourcecode.c.objc; path = TSAppEventSourceImpl.m; sourceTree = "<group>"; };
		12A244FA192818EC0096DC1F /* TSCoreListenerImpl.h */ = {isa = PBXFileReference; fileEncoding = 4; lastKnownFileType = sourcecode.c.h; path = TSCoreListenerImpl.h; sourceTree = "<group>"; };
		12A244FB192818EC0096DC1F /* TSCoreListenerImpl.m */ = {isa = PBXFileReference; fileEncoding = 4; lastKnownFileType = sourcecode.c.objc; path = TSCoreListenerImpl.m; sourceTree = "<group>"; };
		12A244FC192818EC0096DC1F /* TSPlatformImpl.h */ = {isa = PBXFileReference; fileEncoding = 4; lastKnownFileType = sourcecode.c.h; path = TSPlatformImpl.h; sourceTree = "<group>"; };
		12A244FD192818EC0096DC1F /* TSPlatformImpl.m */ = {isa = PBXFileReference; fileEncoding = 4; lastKnownFileType = sourcecode.c.objc; path = TSPlatformImpl.m; sourceTree = "<group>"; };
		12A244FE192818EC0096DC1F /* TSTapstream.h */ = {isa = PBXFileReference; fileEncoding = 4; lastKnownFileType = sourcecode.c.h; path = TSTapstream.h; sourceTree = "<group>"; };
		12A244FF192818EC0096DC1F /* TSTapstream.m */ = {isa = PBXFileReference; fileEncoding = 4; lastKnownFileType = sourcecode.c.objc; path = TSTapstream.m; sourceTree = "<group>"; };
		12A2450C19281B3A0096DC1F /* TSUserToUserDelegate.h */ = {isa = PBXFileReference; fileEncoding = 4; lastKnownFileType = sourcecode.c.h; path = TSUserToUserDelegate.h; sourceTree = "<group>"; };
/* End PBXFileReference section */

/* Begin PBXFrameworksBuildPhase section */
		1288B947191D6330005DC5B3 /* Frameworks */ = {
			isa = PBXFrameworksBuildPhase;
			buildActionMask = 2147483647;
			files = (
				12A244DF1927DCEE0096DC1F /* MessageUI.framework in Frameworks */,
				12A244DD1927D9060096DC1F /* Social.framework in Frameworks */,
				1288B950191D6330005DC5B3 /* CoreGraphics.framework in Frameworks */,
				1288B952191D6330005DC5B3 /* UIKit.framework in Frameworks */,
				1288B94E191D6330005DC5B3 /* Foundation.framework in Frameworks */,
			);
			runOnlyForDeploymentPostprocessing = 0;
		};
		1288B96B191D6330005DC5B3 /* Frameworks */ = {
			isa = PBXFrameworksBuildPhase;
			buildActionMask = 2147483647;
			files = (
				1288B970191D6330005DC5B3 /* XCTest.framework in Frameworks */,
				1288B972191D6330005DC5B3 /* UIKit.framework in Frameworks */,
				1288B971191D6330005DC5B3 /* Foundation.framework in Frameworks */,
			);
			runOnlyForDeploymentPostprocessing = 0;
		};
/* End PBXFrameworksBuildPhase section */

/* Begin PBXGroup section */
		127166E1193946B200D9001A /* U2U */ = {
			isa = PBXGroup;
			children = (
				127166E2193946B200D9001A /* img */,
				127166FE193946B200D9001A /* TSOffer.h */,
				127166FF193946B200D9001A /* TSOffer.m */,
				12716700193946B200D9001A /* TSOfferView.xib */,
				12716701193946B200D9001A /* TSOfferViewController.h */,
				12716702193946B200D9001A /* TSOfferViewController.m */,
				12716703193946B200D9001A /* TSReward.h */,
				12716704193946B200D9001A /* TSReward.m */,
				12716705193946B200D9001A /* TSShareView.xib */,
				12716706193946B200D9001A /* TSShareViewController.h */,
				12716707193946B200D9001A /* TSShareViewController.m */,
				12716708193946B200D9001A /* TSUserToUserController.h */,
				12716709193946B200D9001A /* TSUserToUserController.m */,
			);
			name = U2U;
			path = ../../../objc/U2U;
			sourceTree = "<group>";
		};
		127166E2193946B200D9001A /* img */ = {
			isa = PBXGroup;
			children = (
				127166E3193946B200D9001A /* check.png */,
				127166E4193946B200D9001A /* check@2x.png */,
				127166E5193946B200D9001A /* close-down.png */,
				127166E6193946B200D9001A /* close-down@2x.png */,
				127166E7193946B200D9001A /* close.png */,
				127166E8193946B200D9001A /* close@2x.png */,
				127166E9193946B200D9001A /* done-disabled.png */,
				127166EA193946B200D9001A /* done-disabled@2x.png */,
				127166EB193946B200D9001A /* done-down.png */,
				127166EC193946B200D9001A /* done-down@2x.png */,
				127166ED193946B200D9001A /* done.png */,
				127166EE193946B200D9001A /* done@2x.png */,
				127166EF193946B200D9001A /* icon-email-disabled.png */,
				127166F0193946B200D9001A /* icon-email-disabled@2x.png */,
				127166F1193946B200D9001A /* icon-email@2x.png */,
				127166F2193946B200D9001A /* icon-facebook-disabled.png */,
				127166F3193946B200D9001A /* icon-facebook-disabled@2x.png */,
				127166F4193946B200D9001A /* icon-facebook.png */,
				127166F5193946B200D9001A /* icon-facebook@2x.png */,
				127166F6193946B200D9001A /* icon-messaging-disabled.png */,
				127166F7193946B200D9001A /* icon-messaging-disabled@2x.png */,
				127166F8193946B200D9001A /* icon-messaging.png */,
				127166F9193946B200D9001A /* icon-messaging@2x.png */,
				127166FA193946B200D9001A /* icon-twitter-disabled.png */,
				127166FB193946B200D9001A /* icon-twitter-disabled@2x.png */,
				127166FC193946B200D9001A /* icon-twitter.png */,
				127166FD193946B200D9001A /* icon-twitter@2x.png */,
			);
			path = img;
			sourceTree = "<group>";
		};
		1288B941191D6330005DC5B3 = {
			isa = PBXGroup;
			children = (
				127166E1193946B200D9001A /* U2U */,
				12A244E0192818EC0096DC1F /* Core */,
				12A244F6192818EC0096DC1F /* Tapstream */,
				1288B953191D6330005DC5B3 /* UserToUser */,
				1288B975191D6330005DC5B3 /* UserToUserTests */,
				1288B94C191D6330005DC5B3 /* Frameworks */,
				1288B94B191D6330005DC5B3 /* Products */,
			);
			sourceTree = "<group>";
		};
		1288B94B191D6330005DC5B3 /* Products */ = {
			isa = PBXGroup;
			children = (
				1288B94A191D6330005DC5B3 /* UserToUser.app */,
				1288B96E191D6330005DC5B3 /* UserToUserTests.xctest */,
			);
			name = Products;
			sourceTree = "<group>";
		};
		1288B94C191D6330005DC5B3 /* Frameworks */ = {
			isa = PBXGroup;
			children = (
				12A244DE1927DCEE0096DC1F /* MessageUI.framework */,
				12A244DC1927D9060096DC1F /* Social.framework */,
				1288B94D191D6330005DC5B3 /* Foundation.framework */,
				1288B94F191D6330005DC5B3 /* CoreGraphics.framework */,
				1288B951191D6330005DC5B3 /* UIKit.framework */,
				1288B96F191D6330005DC5B3 /* XCTest.framework */,
			);
			name = Frameworks;
			sourceTree = "<group>";
		};
		1288B953191D6330005DC5B3 /* UserToUser */ = {
			isa = PBXGroup;
			children = (
				1288B95C191D6330005DC5B3 /* AppDelegate.h */,
				1288B95D191D6330005DC5B3 /* AppDelegate.m */,
				1288B95F191D6330005DC5B3 /* Main_iPhone.storyboard */,
				1288B962191D6330005DC5B3 /* Main_iPad.storyboard */,
				1288B965191D6330005DC5B3 /* ViewController.h */,
				1288B966191D6330005DC5B3 /* ViewController.m */,
				1288B968191D6330005DC5B3 /* Images.xcassets */,
				1288B954191D6330005DC5B3 /* Supporting Files */,
			);
			path = UserToUser;
			sourceTree = "<group>";
		};
		1288B954191D6330005DC5B3 /* Supporting Files */ = {
			isa = PBXGroup;
			children = (
				1288B955191D6330005DC5B3 /* UserToUser-Info.plist */,
				1288B956191D6330005DC5B3 /* InfoPlist.strings */,
				1288B959191D6330005DC5B3 /* main.m */,
				1288B95B191D6330005DC5B3 /* UserToUser-Prefix.pch */,
			);
			name = "Supporting Files";
			sourceTree = "<group>";
		};
		1288B975191D6330005DC5B3 /* UserToUserTests */ = {
			isa = PBXGroup;
			children = (
				1288B97B191D6330005DC5B3 /* UserToUserTests.m */,
				1288B976191D6330005DC5B3 /* Supporting Files */,
			);
			path = UserToUserTests;
			sourceTree = "<group>";
		};
		1288B976191D6330005DC5B3 /* Supporting Files */ = {
			isa = PBXGroup;
			children = (
				1288B977191D6330005DC5B3 /* UserToUserTests-Info.plist */,
				1288B978191D6330005DC5B3 /* InfoPlist.strings */,
			);
			name = "Supporting Files";
			sourceTree = "<group>";
		};
		12A244E0192818EC0096DC1F /* Core */ = {
			isa = PBXGroup;
			children = (
				12A244E1192818EC0096DC1F /* TSApi.h */,
				12A244E2192818EC0096DC1F /* TSAppEventSource.h */,
				12A244E3192818EC0096DC1F /* TSConfig.h */,
				12A244E4192818EC0096DC1F /* TSConfig.m */,
				12A244E5192818EC0096DC1F /* TSCore.h */,
				12A244E6192818EC0096DC1F /* TSCore.m */,
				12A244E7192818EC0096DC1F /* TSCoreListener.h */,
				12A244E8192818EC0096DC1F /* TSDelegate.h */,
				12A244E9192818EC0096DC1F /* TSEvent.h */,
				12A244EA192818EC0096DC1F /* TSEvent.m */,
				12A244EB192818EC0096DC1F /* TSHelpers.h */,
				12A244EC192818EC0096DC1F /* TSHit.h */,
				12A244ED192818EC0096DC1F /* TSHit.m */,
				12A244EE192818EC0096DC1F /* TSLogging.h */,
				12A244EF192818EC0096DC1F /* TSLogging.m */,
				12A244F0192818EC0096DC1F /* TSLogLevel.h */,
				12A244F1192818EC0096DC1F /* TSPlatform.h */,
				12A244F2192818EC0096DC1F /* TSResponse.h */,
				12A244F3192818EC0096DC1F /* TSResponse.m */,
				12A244F4192818EC0096DC1F /* TSUtils.h */,
				12A244F5192818EC0096DC1F /* TSUtils.m */,
			);
			name = Core;
			path = ../../../objc/Core;
			sourceTree = "<group>";
		};
		12A244F6192818EC0096DC1F /* Tapstream */ = {
			isa = PBXGroup;
			children = (
				12A244F7192818EC0096DC1F /* bin */,
				12A244F8192818EC0096DC1F /* TSAppEventSourceImpl.h */,
				12A244F9192818EC0096DC1F /* TSAppEventSourceImpl.m */,
				12A244FA192818EC0096DC1F /* TSCoreListenerImpl.h */,
				12A244FB192818EC0096DC1F /* TSCoreListenerImpl.m */,
				12A244FC192818EC0096DC1F /* TSPlatformImpl.h */,
				12A244FD192818EC0096DC1F /* TSPlatformImpl.m */,
				12A244FE192818EC0096DC1F /* TSTapstream.h */,
				12A244FF192818EC0096DC1F /* TSTapstream.m */,
				12A2450C19281B3A0096DC1F /* TSUserToUserDelegate.h */,
			);
			name = Tapstream;
			path = ../../../objc/Tapstream;
			sourceTree = "<group>";
		};
		12A244F7192818EC0096DC1F /* bin */ = {
			isa = PBXGroup;
			children = (
			);
			path = bin;
			sourceTree = "<group>";
		};
/* End PBXGroup section */

/* Begin PBXNativeTarget section */
		1288B949191D6330005DC5B3 /* UserToUser */ = {
			isa = PBXNativeTarget;
			buildConfigurationList = 1288B97F191D6330005DC5B3 /* Build configuration list for PBXNativeTarget "UserToUser" */;
			buildPhases = (
				1288B946191D6330005DC5B3 /* Sources */,
				1288B947191D6330005DC5B3 /* Frameworks */,
				1288B948191D6330005DC5B3 /* Resources */,
			);
			buildRules = (
			);
			dependencies = (
			);
			name = UserToUser;
			productName = UserToUser;
			productReference = 1288B94A191D6330005DC5B3 /* UserToUser.app */;
			productType = "com.apple.product-type.application";
		};
		1288B96D191D6330005DC5B3 /* UserToUserTests */ = {
			isa = PBXNativeTarget;
			buildConfigurationList = 1288B982191D6330005DC5B3 /* Build configuration list for PBXNativeTarget "UserToUserTests" */;
			buildPhases = (
				1288B96A191D6330005DC5B3 /* Sources */,
				1288B96B191D6330005DC5B3 /* Frameworks */,
				1288B96C191D6330005DC5B3 /* Resources */,
			);
			buildRules = (
			);
			dependencies = (
				1288B974191D6330005DC5B3 /* PBXTargetDependency */,
			);
			name = UserToUserTests;
			productName = UserToUserTests;
			productReference = 1288B96E191D6330005DC5B3 /* UserToUserTests.xctest */;
			productType = "com.apple.product-type.bundle.unit-test";
		};
/* End PBXNativeTarget section */

/* Begin PBXProject section */
		1288B942191D6330005DC5B3 /* Project object */ = {
			isa = PBXProject;
			attributes = {
				LastUpgradeCheck = 0510;
				ORGANIZATIONNAME = Tapstream;
				TargetAttributes = {
					1288B949191D6330005DC5B3 = {
						DevelopmentTeam = ZDKMGAVQQS;
					};
					1288B96D191D6330005DC5B3 = {
						TestTargetID = 1288B949191D6330005DC5B3;
					};
				};
			};
			buildConfigurationList = 1288B945191D6330005DC5B3 /* Build configuration list for PBXProject "UserToUser" */;
			compatibilityVersion = "Xcode 3.2";
			developmentRegion = English;
			hasScannedForEncodings = 0;
			knownRegions = (
				en,
				Base,
			);
			mainGroup = 1288B941191D6330005DC5B3;
			productRefGroup = 1288B94B191D6330005DC5B3 /* Products */;
			projectDirPath = "";
			projectRoot = "";
			targets = (
				1288B949191D6330005DC5B3 /* UserToUser */,
				1288B96D191D6330005DC5B3 /* UserToUserTests */,
			);
		};
/* End PBXProject section */

/* Begin PBXResourcesBuildPhase section */
		1288B948191D6330005DC5B3 /* Resources */ = {
			isa = PBXResourcesBuildPhase;
			buildActionMask = 2147483647;
			files = (
				12716717193946B200D9001A /* icon-email-disabled@2x.png in Resources */,
				1271670E193946B200D9001A /* close.png in Resources */,
				1288B964191D6330005DC5B3 /* Main_iPad.storyboard in Resources */,
				1271670D193946B200D9001A /* close-down@2x.png in Resources */,
				1271670A193946B200D9001A /* check.png in Resources */,
				12716712193946B200D9001A /* done-down.png in Resources */,
				1271671A193946B200D9001A /* icon-facebook-disabled@2x.png in Resources */,
				12716729193946B200D9001A /* TSShareView.xib in Resources */,
				1271671E193946B200D9001A /* icon-messaging-disabled@2x.png in Resources */,
				1271671D193946B200D9001A /* icon-messaging-disabled.png in Resources */,
				12716718193946B200D9001A /* icon-email@2x.png in Resources */,
				12716710193946B200D9001A /* done-disabled.png in Resources */,
				12716713193946B200D9001A /* done-down@2x.png in Resources */,
				1288B969191D6330005DC5B3 /* Images.xcassets in Resources */,
				1271671C193946B200D9001A /* icon-facebook@2x.png in Resources */,
				12716721193946B200D9001A /* icon-twitter-disabled.png in Resources */,
				12716716193946B200D9001A /* icon-email-disabled.png in Resources */,
				1271670F193946B200D9001A /* close@2x.png in Resources */,
				1288B961191D6330005DC5B3 /* Main_iPhone.storyboard in Resources */,
				1271671F193946B200D9001A /* icon-messaging.png in Resources */,
				1271671B193946B200D9001A /* icon-facebook.png in Resources */,
				12716726193946B200D9001A /* TSOfferView.xib in Resources */,
				12716722193946B200D9001A /* icon-twitter-disabled@2x.png in Resources */,
				12716711193946B200D9001A /* done-disabled@2x.png in Resources */,
				12716724193946B200D9001A /* icon-twitter@2x.png in Resources */,
				12716719193946B200D9001A /* icon-facebook-disabled.png in Resources */,
				12716714193946B200D9001A /* done.png in Resources */,
				12716723193946B200D9001A /* icon-twitter.png in Resources */,
				12716720193946B200D9001A /* icon-messaging@2x.png in Resources */,
				1288B958191D6330005DC5B3 /* InfoPlist.strings in Resources */,
				1271670C193946B200D9001A /* close-down.png in Resources */,
				12716715193946B200D9001A /* done@2x.png in Resources */,
				1271670B193946B200D9001A /* check@2x.png in Resources */,
			);
			runOnlyForDeploymentPostprocessing = 0;
		};
		1288B96C191D6330005DC5B3 /* Resources */ = {
			isa = PBXResourcesBuildPhase;
			buildActionMask = 2147483647;
			files = (
				1288B97A191D6330005DC5B3 /* InfoPlist.strings in Resources */,
			);
			runOnlyForDeploymentPostprocessing = 0;
		};
/* End PBXResourcesBuildPhase section */

/* Begin PBXSourcesBuildPhase section */
		1288B946191D6330005DC5B3 /* Sources */ = {
			isa = PBXSourcesBuildPhase;
			buildActionMask = 2147483647;
			files = (
				12A24504192818EC0096DC1F /* TSLogging.m in Sources */,
				1288B967191D6330005DC5B3 /* ViewController.m in Sources */,
				12A2450A192818EC0096DC1F /* TSTapstream.m in Sources */,
				12A24508192818EC0096DC1F /* TSCoreListenerImpl.m in Sources */,
				12A24501192818EC0096DC1F /* TSCore.m in Sources */,
				1288B95E191D6330005DC5B3 /* AppDelegate.m in Sources */,
				12716728193946B200D9001A /* TSReward.m in Sources */,
				12A24506192818EC0096DC1F /* TSUtils.m in Sources */,
				1271672B193946B200D9001A /* TSUserToUserController.m in Sources */,
				12A24505192818EC0096DC1F /* TSResponse.m in Sources */,
				12A24503192818EC0096DC1F /* TSHit.m in Sources */,
				12A24500192818EC0096DC1F /* TSConfig.m in Sources */,
				12716727193946B200D9001A /* TSOfferViewController.m in Sources */,
				12A24502192818EC0096DC1F /* TSEvent.m in Sources */,
				12A24509192818EC0096DC1F /* TSPlatformImpl.m in Sources */,
				12A24507192818EC0096DC1F /* TSAppEventSourceImpl.m in Sources */,
				12716725193946B200D9001A /* TSOffer.m in Sources */,
				1288B95A191D6330005DC5B3 /* main.m in Sources */,
				1271672A193946B200D9001A /* TSShareViewController.m in Sources */,
			);
			runOnlyForDeploymentPostprocessing = 0;
		};
		1288B96A191D6330005DC5B3 /* Sources */ = {
			isa = PBXSourcesBuildPhase;
			buildActionMask = 2147483647;
			files = (
				1288B97C191D6330005DC5B3 /* UserToUserTests.m in Sources */,
			);
			runOnlyForDeploymentPostprocessing = 0;
		};
/* End PBXSourcesBuildPhase section */

/* Begin PBXTargetDependency section */
		1288B974191D6330005DC5B3 /* PBXTargetDependency */ = {
			isa = PBXTargetDependency;
			target = 1288B949191D6330005DC5B3 /* UserToUser */;
			targetProxy = 1288B973191D6330005DC5B3 /* PBXContainerItemProxy */;
		};
/* End PBXTargetDependency section */

/* Begin PBXVariantGroup section */
		1288B956191D6330005DC5B3 /* InfoPlist.strings */ = {
			isa = PBXVariantGroup;
			children = (
				1288B957191D6330005DC5B3 /* en */,
			);
			name = InfoPlist.strings;
			sourceTree = "<group>";
		};
		1288B95F191D6330005DC5B3 /* Main_iPhone.storyboard */ = {
			isa = PBXVariantGroup;
			children = (
				1288B960191D6330005DC5B3 /* Base */,
			);
			name = Main_iPhone.storyboard;
			sourceTree = "<group>";
		};
		1288B962191D6330005DC5B3 /* Main_iPad.storyboard */ = {
			isa = PBXVariantGroup;
			children = (
				1288B963191D6330005DC5B3 /* Base */,
			);
			name = Main_iPad.storyboard;
			sourceTree = "<group>";
		};
		1288B978191D6330005DC5B3 /* InfoPlist.strings */ = {
			isa = PBXVariantGroup;
			children = (
				1288B979191D6330005DC5B3 /* en */,
			);
			name = InfoPlist.strings;
			sourceTree = "<group>";
		};
/* End PBXVariantGroup section */

/* Begin XCBuildConfiguration section */
		1288B97D191D6330005DC5B3 /* Debug */ = {
			isa = XCBuildConfiguration;
			buildSettings = {
				ALWAYS_SEARCH_USER_PATHS = NO;
				CLANG_CXX_LANGUAGE_STANDARD = "gnu++0x";
				CLANG_CXX_LIBRARY = "libc++";
				CLANG_ENABLE_MODULES = YES;
				CLANG_ENABLE_OBJC_ARC = YES;
				CLANG_WARN_BOOL_CONVERSION = YES;
				CLANG_WARN_CONSTANT_CONVERSION = YES;
				CLANG_WARN_DIRECT_OBJC_ISA_USAGE = YES_ERROR;
				CLANG_WARN_EMPTY_BODY = YES;
				CLANG_WARN_ENUM_CONVERSION = YES;
				CLANG_WARN_INT_CONVERSION = YES;
				CLANG_WARN_OBJC_ROOT_CLASS = YES_ERROR;
				CLANG_WARN__DUPLICATE_METHOD_MATCH = YES;
				"CODE_SIGN_IDENTITY[sdk=iphoneos*]" = "iPhone Developer";
				COPY_PHASE_STRIP = NO;
				GCC_C_LANGUAGE_STANDARD = gnu99;
				GCC_DYNAMIC_NO_PIC = NO;
				GCC_OPTIMIZATION_LEVEL = 0;
				GCC_PREPROCESSOR_DEFINITIONS = (
					"DEBUG=1",
					"$(inherited)",
				);
				GCC_SYMBOLS_PRIVATE_EXTERN = NO;
				GCC_WARN_64_TO_32_BIT_CONVERSION = YES;
				GCC_WARN_ABOUT_RETURN_TYPE = YES_ERROR;
				GCC_WARN_UNDECLARED_SELECTOR = YES;
				GCC_WARN_UNINITIALIZED_AUTOS = YES_AGGRESSIVE;
				GCC_WARN_UNUSED_FUNCTION = YES;
				GCC_WARN_UNUSED_VARIABLE = YES;
				IPHONEOS_DEPLOYMENT_TARGET = 7.1;
				ONLY_ACTIVE_ARCH = YES;
				SDKROOT = iphoneos;
				TARGETED_DEVICE_FAMILY = "1,2";
			};
			name = Debug;
		};
		1288B97E191D6330005DC5B3 /* Release */ = {
			isa = XCBuildConfiguration;
			buildSettings = {
				ALWAYS_SEARCH_USER_PATHS = NO;
				CLANG_CXX_LANGUAGE_STANDARD = "gnu++0x";
				CLANG_CXX_LIBRARY = "libc++";
				CLANG_ENABLE_MODULES = YES;
				CLANG_ENABLE_OBJC_ARC = YES;
				CLANG_WARN_BOOL_CONVERSION = YES;
				CLANG_WARN_CONSTANT_CONVERSION = YES;
				CLANG_WARN_DIRECT_OBJC_ISA_USAGE = YES_ERROR;
				CLANG_WARN_EMPTY_BODY = YES;
				CLANG_WARN_ENUM_CONVERSION = YES;
				CLANG_WARN_INT_CONVERSION = YES;
				CLANG_WARN_OBJC_ROOT_CLASS = YES_ERROR;
				CLANG_WARN__DUPLICATE_METHOD_MATCH = YES;
				"CODE_SIGN_IDENTITY[sdk=iphoneos*]" = "iPhone Developer";
				COPY_PHASE_STRIP = YES;
				ENABLE_NS_ASSERTIONS = NO;
				GCC_C_LANGUAGE_STANDARD = gnu99;
				GCC_WARN_64_TO_32_BIT_CONVERSION = YES;
				GCC_WARN_ABOUT_RETURN_TYPE = YES_ERROR;
				GCC_WARN_UNDECLARED_SELECTOR = YES;
				GCC_WARN_UNINITIALIZED_AUTOS = YES_AGGRESSIVE;
				GCC_WARN_UNUSED_FUNCTION = YES;
				GCC_WARN_UNUSED_VARIABLE = YES;
				IPHONEOS_DEPLOYMENT_TARGET = 7.1;
				SDKROOT = iphoneos;
				TARGETED_DEVICE_FAMILY = "1,2";
				VALIDATE_PRODUCT = YES;
			};
			name = Release;
		};
		1288B980191D6330005DC5B3 /* Debug */ = {
			isa = XCBuildConfiguration;
			buildSettings = {
				ASSETCATALOG_COMPILER_APPICON_NAME = AppIcon;
				ASSETCATALOG_COMPILER_LAUNCHIMAGE_NAME = LaunchImage;
				CODE_SIGN_IDENTITY = "iPhone Developer: Slaven Radic (CUAKMK3S59)";
				GCC_PRECOMPILE_PREFIX_HEADER = YES;
				GCC_PREFIX_HEADER = "UserToUser/UserToUser-Prefix.pch";
				INFOPLIST_FILE = "UserToUser/UserToUser-Info.plist";
				IPHONEOS_DEPLOYMENT_TARGET = 7.0;
				PRODUCT_NAME = "$(TARGET_NAME)";
				PROVISIONING_PROFILE = "";
				WRAPPER_EXTENSION = app;
			};
			name = Debug;
		};
		1288B981191D6330005DC5B3 /* Release */ = {
			isa = XCBuildConfiguration;
			buildSettings = {
				ASSETCATALOG_COMPILER_APPICON_NAME = AppIcon;
				ASSETCATALOG_COMPILER_LAUNCHIMAGE_NAME = LaunchImage;
				CODE_SIGN_IDENTITY = "iPhone Developer: Slaven Radic (CUAKMK3S59)";
				GCC_PRECOMPILE_PREFIX_HEADER = YES;
				GCC_PREFIX_HEADER = "UserToUser/UserToUser-Prefix.pch";
				INFOPLIST_FILE = "UserToUser/UserToUser-Info.plist";
				IPHONEOS_DEPLOYMENT_TARGET = 7.0;
				PRODUCT_NAME = "$(TARGET_NAME)";
				PROVISIONING_PROFILE = "";
				WRAPPER_EXTENSION = app;
			};
			name = Release;
		};
		1288B983191D6330005DC5B3 /* Debug */ = {
			isa = XCBuildConfiguration;
			buildSettings = {
				BUNDLE_LOADER = "$(BUILT_PRODUCTS_DIR)/UserToUser.app/UserToUser";
				FRAMEWORK_SEARCH_PATHS = (
					"$(SDKROOT)/Developer/Library/Frameworks",
					"$(inherited)",
					"$(DEVELOPER_FRAMEWORKS_DIR)",
				);
				GCC_PRECOMPILE_PREFIX_HEADER = YES;
				GCC_PREFIX_HEADER = "UserToUser/UserToUser-Prefix.pch";
				GCC_PREPROCESSOR_DEFINITIONS = (
					"DEBUG=1",
					"$(inherited)",
				);
				INFOPLIST_FILE = "UserToUserTests/UserToUserTests-Info.plist";
				PRODUCT_NAME = "$(TARGET_NAME)";
				TEST_HOST = "$(BUNDLE_LOADER)";
				WRAPPER_EXTENSION = xctest;
			};
			name = Debug;
		};
		1288B984191D6330005DC5B3 /* Release */ = {
			isa = XCBuildConfiguration;
			buildSettings = {
				BUNDLE_LOADER = "$(BUILT_PRODUCTS_DIR)/UserToUser.app/UserToUser";
				FRAMEWORK_SEARCH_PATHS = (
					"$(SDKROOT)/Developer/Library/Frameworks",
					"$(inherited)",
					"$(DEVELOPER_FRAMEWORKS_DIR)",
				);
				GCC_PRECOMPILE_PREFIX_HEADER = YES;
				GCC_PREFIX_HEADER = "UserToUser/UserToUser-Prefix.pch";
				INFOPLIST_FILE = "UserToUserTests/UserToUserTests-Info.plist";
				PRODUCT_NAME = "$(TARGET_NAME)";
				TEST_HOST = "$(BUNDLE_LOADER)";
				WRAPPER_EXTENSION = xctest;
			};
			name = Release;
		};
/* End XCBuildConfiguration section */

/* Begin XCConfigurationList section */
		1288B945191D6330005DC5B3 /* Build configuration list for PBXProject "UserToUser" */ = {
			isa = XCConfigurationList;
			buildConfigurations = (
				1288B97D191D6330005DC5B3 /* Debug */,
				1288B97E191D6330005DC5B3 /* Release */,
			);
			defaultConfigurationIsVisible = 0;
			defaultConfigurationName = Release;
		};
		1288B97F191D6330005DC5B3 /* Build configuration list for PBXNativeTarget "UserToUser" */ = {
			isa = XCConfigurationList;
			buildConfigurations = (
				1288B980191D6330005DC5B3 /* Debug */,
				1288B981191D6330005DC5B3 /* Release */,
			);
			defaultConfigurationIsVisible = 0;
			defaultConfigurationName = Release;
		};
		1288B982191D6330005DC5B3 /* Build configuration list for PBXNativeTarget "UserToUserTests" */ = {
			isa = XCConfigurationList;
			buildConfigurations = (
				1288B983191D6330005DC5B3 /* Debug */,
				1288B984191D6330005DC5B3 /* Release */,
			);
			defaultConfigurationIsVisible = 0;
			defaultConfigurationName = Release;
		};
/* End XCConfigurationList section */
	};
	rootObject = 1288B942191D6330005DC5B3 /* Project object */;
}
